
Microsoft Visual Studio Solution File, Format Version 12.00
# Visual Studio Version 17
VisualStudioVersion = 17.13.35828.75 d17.13
MinimumVisualStudioVersion = 10.0.40219.1
Project("{8BC9CEB8-8B4A-11D0-8D11-00A0C91BC942}") = "Assignment0201", "Assignment0201\Assignment0201.vcxproj", "{11069765-72CB-4E39-A69C-951C6159E09E}"
EndProject
Project("{8BC9CEB8-8B4A-11D0-8D11-00A0C91BC942}") = "Assignment0202", "Assignment2002\Assignment2002.vcxproj", "{20DBFC43-DD8B-4C0C-B802-AAA8C12AF72C}"
EndProject
Project("{8BC9CEB8-8B4A-11D0-8D11-00A0C91BC942}") = "Assignment0203", "Assign0203\Assign0203.vcxproj", "{EC288298-0E18-4B30-A01A-15E20FFCA2C5}"
EndProject
Project("{8BC9CEB8-8B4A-11D0-8D11-00A0C91BC942}") = "Assignment0204", "Assignment0204\Assignment0204.vcxproj", "{B7B3CCBA-86F8-4ACF-9021-31DA3AD43C6F}"
EndProject
Project("{8BC9CEB8-8B4A-11D0-8D11-00A0C91BC942}") = "Assignment0205", "Assignment0205\Assignment0205.vcxproj", "{B12F71BA-BB61-47D8-BC98-3719A3EF9015}"
EndProject
Project("{8BC9CEB8-8B4A-11D0-8D11-00A0C91BC942}") = "Assignment0206", "Assignment0206\Assignment0206.vcxproj", "{04C890F1-B6ED-4EE6-A240-D36CDDEFD38A}"
EndProject
Project("{8BC9CEB8-8B4A-11D0-8D11-00A0C91BC942}") = "Assignment0207", "Assignment0207\Assignment0207.vcxproj", "{5967370C-6BAD-4F90-9D6A-00FCEC78821F}"
EndProject
Project("{8BC9CEB8-8B4A-11D0-8D11-00A0C91BC942}") = "Assignment0208", "Assignment0208\Assignment0208.vcxproj", "{105E8171-397C-4A3C-B035-BC5F70E90B4B}"
EndProject
Project("{8BC9CEB8-8B4A-11D0-8D11-00A0C91BC942}") = "Assignment0209", "Assignment0209\Assignment0209.vcxproj", "{E463FCD1-3298-4BC7-926A-1B3D23945215}"
EndProject
Project("{8BC9CEB8-8B4A-11D0-8D11-00A0C91BC942}") = "Assignment0210", "Asignment0210\Asignment0210.vcxproj", "{DF590DF4-88E2-4AA9-A5DB-0AAC5384DFFE}"
EndProject
Project("{8BC9CEB8-8B4A-11D0-8D11-00A0C91BC942}") = "Assignment0211", "Assignment0211\Assignment0211.vcxproj", "{6FAC0409-F9DA-4646-82BE-3D513131FA17}"
EndProject
Global
	GlobalSection(SolutionConfigurationPlatforms) = preSolution
		Debug|x64 = Debug|x64
		Debug|x86 = Debug|x86
		Release|x64 = Release|x64
		Release|x86 = Release|x86
	EndGlobalSection
	GlobalSection(ProjectConfigurationPlatforms) = postSolution
		{11069765-72CB-4E39-A69C-951C6159E09E}.Debug|x64.ActiveCfg = Debug|x64
		{11069765-72CB-4E39-A69C-951C6159E09E}.Debug|x64.Build.0 = Debug|x64
		{11069765-72CB-4E39-A69C-951C6159E09E}.Debug|x86.ActiveCfg = Debug|Win32
		{11069765-72CB-4E39-A69C-951C6159E09E}.Debug|x86.Build.0 = Debug|Win32
		{11069765-72CB-4E39-A69C-951C6159E09E}.Release|x64.ActiveCfg = Release|x64
		{11069765-72CB-4E39-A69C-951C6159E09E}.Release|x64.Build.0 = Release|x64
		{11069765-72CB-4E39-A69C-951C6159E09E}.Release|x86.ActiveCfg = Release|Win32
		{11069765-72CB-4E39-A69C-951C6159E09E}.Release|x86.Build.0 = Release|Win32
		{20DBFC43-DD8B-4C0C-B802-AAA8C12AF72C}.Debug|x64.ActiveCfg = Debug|x64
		{20DBFC43-DD8B-4C0C-B802-AAA8C12AF72C}.Debug|x64.Build.0 = Debug|x64
		{20DBFC43-DD8B-4C0C-B802-AAA8C12AF72C}.Debug|x86.ActiveCfg = Debug|Win32
		{20DBFC43-DD8B-4C0C-B802-AAA8C12AF72C}.Debug|x86.Build.0 = Debug|Win32
		{20DBFC43-DD8B-4C0C-B802-AAA8C12AF72C}.Release|x64.ActiveCfg = Release|x64
		{20DBFC43-DD8B-4C0C-B802-AAA8C12AF72C}.Release|x64.Build.0 = Release|x64
		{20DBFC43-DD8B-4C0C-B802-AAA8C12AF72C}.Release|x86.ActiveCfg = Release|Win32
		{20DBFC43-DD8B-4C0C-B802-AAA8C12AF72C}.Release|x86.Build.0 = Release|Win32
		{EC288298-0E18-4B30-A01A-15E20FFCA2C5}.Debug|x64.ActiveCfg = Debug|x64
		{EC288298-0E18-4B30-A01A-15E20FFCA2C5}.Debug|x64.Build.0 = Debug|x64
		{EC288298-0E18-4B30-A01A-15E20FFCA2C5}.Debug|x86.ActiveCfg = Debug|Win32
		{EC288298-0E18-4B30-A01A-15E20FFCA2C5}.Debug|x86.Build.0 = Debug|Win32
		{EC288298-0E18-4B30-A01A-15E20FFCA2C5}.Release|x64.ActiveCfg = Release|x64
		{EC288298-0E18-4B30-A01A-15E20FFCA2C5}.Release|x64.Build.0 = Release|x64
		{EC288298-0E18-4B30-A01A-15E20FFCA2C5}.Release|x86.ActiveCfg = Release|Win32
		{EC288298-0E18-4B30-A01A-15E20FFCA2C5}.Release|x86.Build.0 = Release|Win32
		{B7B3CCBA-86F8-4ACF-9021-31DA3AD43C6F}.Debug|x64.ActiveCfg = Debug|x64
		{B7B3CCBA-86F8-4ACF-9021-31DA3AD43C6F}.Debug|x64.Build.0 = Debug|x64
		{B7B3CCBA-86F8-4ACF-9021-31DA3AD43C6F}.Debug|x86.ActiveCfg = Debug|Win32
		{B7B3CCBA-86F8-4ACF-9021-31DA3AD43C6F}.Debug|x86.Build.0 = Debug|Win32
		{B7B3CCBA-86F8-4ACF-9021-31DA3AD43C6F}.Release|x64.ActiveCfg = Release|x64
		{B7B3CCBA-86F8-4ACF-9021-31DA3AD43C6F}.Release|x64.Build.0 = Release|x64
		{B7B3CCBA-86F8-4ACF-9021-31DA3AD43C6F}.Release|x86.ActiveCfg = Release|Win32
		{B7B3CCBA-86F8-4ACF-9021-31DA3AD43C6F}.Release|x86.Build.0 = Release|Win32
		{B12F71BA-BB61-47D8-BC98-3719A3EF9015}.Debug|x64.ActiveCfg = Debug|x64
		{B12F71BA-BB61-47D8-BC98-3719A3EF9015}.Debug|x64.Build.0 = Debug|x64
		{B12F71BA-BB61-47D8-BC98-3719A3EF9015}.Debug|x86.ActiveCfg = Debug|Win32
		{B12F71BA-BB61-47D8-BC98-3719A3EF9015}.Debug|x86.Build.0 = Debug|Win32
		{B12F71BA-BB61-47D8-BC98-3719A3EF9015}.Release|x64.ActiveCfg = Release|x64
		{B12F71BA-BB61-47D8-BC98-3719A3EF9015}.Release|x64.Build.0 = Release|x64
		{B12F71BA-BB61-47D8-BC98-3719A3EF9015}.Release|x86.ActiveCfg = Release|Win32
		{B12F71BA-BB61-47D8-BC98-3719A3EF9015}.Release|x86.Build.0 = Release|Win32
		{04C890F1-B6ED-4EE6-A240-D36CDDEFD38A}.Debug|x64.ActiveCfg = Debug|x64
		{04C890F1-B6ED-4EE6-A240-D36CDDEFD38A}.Debug|x64.Build.0 = Debug|x64
		{04C890F1-B6ED-4EE6-A240-D36CDDEFD38A}.Debug|x86.ActiveCfg = Debug|Win32
		{04C890F1-B6ED-4EE6-A240-D36CDDEFD38A}.Debug|x86.Build.0 = Debug|Win32
		{04C890F1-B6ED-4EE6-A240-D36CDDEFD38A}.Release|x64.ActiveCfg = Release|x64
		{04C890F1-B6ED-4EE6-A240-D36CDDEFD38A}.Release|x64.Build.0 = Release|x64
		{04C890F1-B6ED-4EE6-A240-D36CDDEFD38A}.Release|x86.ActiveCfg = Release|Win32
		{04C890F1-B6ED-4EE6-A240-D36CDDEFD38A}.Release|x86.Build.0 = Release|Win32
		{5967370C-6BAD-4F90-9D6A-00FCEC78821F}.Debug|x64.ActiveCfg = Debug|x64
		{5967370C-6BAD-4F90-9D6A-00FCEC78821F}.Debug|x64.Build.0 = Debug|x64
		{5967370C-6BAD-4F90-9D6A-00FCEC78821F}.Debug|x86.ActiveCfg = Debug|Win32
		{5967370C-6BAD-4F90-9D6A-00FCEC78821F}.Debug|x86.Build.0 = Debug|Win32
		{5967370C-6BAD-4F90-9D6A-00FCEC78821F}.Release|x64.ActiveCfg = Release|x64
		{5967370C-6BAD-4F90-9D6A-00FCEC78821F}.Release|x64.Build.0 = Release|x64
		{5967370C-6BAD-4F90-9D6A-00FCEC78821F}.Release|x86.ActiveCfg = Release|Win32
		{5967370C-6BAD-4F90-9D6A-00FCEC78821F}.Release|x86.Build.0 = Release|Win32
		{105E8171-397C-4A3C-B035-BC5F70E90B4B}.Debug|x64.ActiveCfg = Debug|x64
		{105E8171-397C-4A3C-B035-BC5F70E90B4B}.Debug|x64.Build.0 = Debug|x64
		{105E8171-397C-4A3C-B035-BC5F70E90B4B}.Debug|x86.ActiveCfg = Debug|Win32
		{105E8171-397C-4A3C-B035-BC5F70E90B4B}.Debug|x86.Build.0 = Debug|Win32
		{105E8171-397C-4A3C-B035-BC5F70E90B4B}.Release|x64.ActiveCfg = Release|x64
		{105E8171-397C-4A3C-B035-BC5F70E90B4B}.Release|x64.Build.0 = Release|x64
		{105E8171-397C-4A3C-B035-BC5F70E90B4B}.Release|x86.ActiveCfg = Release|Win32
		{105E8171-397C-4A3C-B035-BC5F70E90B4B}.Release|x86.Build.0 = Release|Win32
		{E463FCD1-3298-4BC7-926A-1B3D23945215}.Debug|x64.ActiveCfg = Debug|x64
		{E463FCD1-3298-4BC7-926A-1B3D23945215}.Debug|x64.Build.0 = Debug|x64
		{E463FCD1-3298-4BC7-926A-1B3D23945215}.Debug|x86.ActiveCfg = Debug|Win32
		{E463FCD1-3298-4BC7-926A-1B3D23945215}.Debug|x86.Build.0 = Debug|Win32
		{E463FCD1-3298-4BC7-926A-1B3D23945215}.Release|x64.ActiveCfg = Release|x64
		{E463FCD1-3298-4BC7-926A-1B3D23945215}.Release|x64.Build.0 = Release|x64
		{E463FCD1-3298-4BC7-926A-1B3D23945215}.Release|x86.ActiveCfg = Release|Win32
		{E463FCD1-3298-4BC7-926A-1B3D23945215}.Release|x86.Build.0 = Release|Win32
		{DF590DF4-88E2-4AA9-A5DB-0AAC5384DFFE}.Debug|x64.ActiveCfg = Debug|x64
		{DF590DF4-88E2-4AA9-A5DB-0AAC5384DFFE}.Debug|x64.Build.0 = Debug|x64
		{DF590DF4-88E2-4AA9-A5DB-0AAC5384DFFE}.Debug|x86.ActiveCfg = Debug|Win32
		{DF590DF4-88E2-4AA9-A5DB-0AAC5384DFFE}.Debug|x86.Build.0 = Debug|Win32
		{DF590DF4-88E2-4AA9-A5DB-0AAC5384DFFE}.Release|x64.ActiveCfg = Release|x64
		{DF590DF4-88E2-4AA9-A5DB-0AAC5384DFFE}.Release|x64.Build.0 = Release|x64
		{DF590DF4-88E2-4AA9-A5DB-0AAC5384DFFE}.Release|x86.ActiveCfg = Release|Win32
		{DF590DF4-88E2-4AA9-A5DB-0AAC5384DFFE}.Release|x86.Build.0 = Release|Win32
		{6FAC0409-F9DA-4646-82BE-3D513131FA17}.Debug|x64.ActiveCfg = Debug|x64
		{6FAC0409-F9DA-4646-82BE-3D513131FA17}.Debug|x64.Build.0 = Debug|x64
		{6FAC0409-F9DA-4646-82BE-3D513131FA17}.Debug|x86.ActiveCfg = Debug|Win32
		{6FAC0409-F9DA-4646-82BE-3D513131FA17}.Debug|x86.Build.0 = Debug|Win32
		{6FAC0409-F9DA-4646-82BE-3D513131FA17}.Release|x64.ActiveCfg = Release|x64
		{6FAC0409-F9DA-4646-82BE-3D513131FA17}.Release|x64.Build.0 = Release|x64
		{6FAC0409-F9DA-4646-82BE-3D513131FA17}.Release|x86.ActiveCfg = Release|Win32
		{6FAC0409-F9DA-4646-82BE-3D513131FA17}.Release|x86.Build.0 = Release|Win32
	EndGlobalSection
	GlobalSection(SolutionProperties) = preSolution
		HideSolutionNode = FALSE
	EndGlobalSection
	GlobalSection(ExtensibilityGlobals) = postSolution
		SolutionGuid = {139493C2-6C4D-4864-97E1-558678BDA3F7}
	EndGlobalSection
EndGlobal
