
Microsoft Visual Studio Solution File, Format Version 12.00
# Visual Studio Version 17
VisualStudioVersion = 17.14.36301.6 d17.14
MinimumVisualStudioVersion = 10.0.40219.1
Project("{8BC9CEB8-8B4A-11D0-8D11-00A0C91BC942}") = "Assignment0701", "Assignment0701\Assignment0701.vcxproj", "{6F6E5004-E61E-4345-B25D-34B60AD7E89E}"
EndProject
Project("{8BC9CEB8-8B4A-11D0-8D11-00A0C91BC942}") = "Assignment0702", "Assignment0702\Assignment0702.vcxproj", "{8F66CE73-A51F-4FF9-BB99-D35B4AD961E5}"
EndProject
Project("{8BC9CEB8-8B4A-11D0-8D11-00A0C91BC942}") = "Assignment0703", "Assignment0703\Assignment0703.vcxproj", "{A5E801D7-9DF9-47F8-890C-6052A4913FA5}"
EndProject
Project("{8BC9CEB8-8B4A-11D0-8D11-00A0C91BC942}") = "Assignment0704", "Assignment0704\Assignment0704.vcxproj", "{3F003037-CCFF-4700-A279-FBCE0254B76A}"
EndProject
Project("{8BC9CEB8-8B4A-11D0-8D11-00A0C91BC942}") = "Assignment0705", "Assignment0705\Assignment0705.vcxproj", "{EE30B959-4E11-4E57-909E-F0915B9575C2}"
EndProject
Project("{8BC9CEB8-8B4A-11D0-8D11-00A0C91BC942}") = "Assignment0706", "Assignment0706\Assignment0706.vcxproj", "{65CA08F6-E489-44B0-BDCC-F42FF6E954B5}"
EndProject
Project("{8BC9CEB8-8B4A-11D0-8D11-00A0C91BC942}") = "Assignment0707", "Assignment0707\Assignment0707.vcxproj", "{5D4D3ED2-1209-4225-A12D-85F0E8FF56CF}"
EndProject
Project("{8BC9CEB8-8B4A-11D0-8D11-00A0C91BC942}") = "Assignment0708", "Assignment0708\Assignment0708.vcxproj", "{2B0BF404-1A47-44FB-BD3E-9DE0346D6073}"
EndProject
Project("{8BC9CEB8-8B4A-11D0-8D11-00A0C91BC942}") = "Assignment0709", "Assignment0709\Assignment0709.vcxproj", "{F1B29583-045B-4AAF-89F9-3F68F3CD81C6}"
EndProject
Project("{8BC9CEB8-8B4A-11D0-8D11-00A0C91BC942}") = "Assignment0710", "Assignment0710\Assignment0710.vcxproj", "{61FAB9E7-BEA8-4872-8A93-16C2B23F1270}"
EndProject
Project("{8BC9CEB8-8B4A-11D0-8D11-00A0C91BC942}") = "Assignment0711", "Assignment0711\Assignment0711.vcxproj", "{2108D767-0DBF-496A-9C63-92A8AE0D3F82}"
EndProject
Project("{8BC9CEB8-8B4A-11D0-8D11-00A0C91BC942}") = "Assignment0712", "Assignment0712\Assignment0712.vcxproj", "{B323C491-0F65-4AF0-AAEC-0A3FA760E0DF}"
EndProject
Project("{8BC9CEB8-8B4A-11D0-8D11-00A0C91BC942}") = "Assignment0713", "Assignment0713\Assignment0713.vcxproj", "{36739646-E66C-496F-A5A9-EC6663892E68}"
EndProject
Project("{8BC9CEB8-8B4A-11D0-8D11-00A0C91BC942}") = "Assignment0714", "Assignment0714\Assignment0714.vcxproj", "{1988FEDA-0E1E-4D58-97BA-BA4E4A3F7C2A}"
EndProject
Project("{8BC9CEB8-8B4A-11D0-8D11-00A0C91BC942}") = "Assignment0715", "Assignment0715\Assignment0715.vcxproj", "{CEA372D8-26D8-4F0B-8C99-D1CD2C0AFA29}"
EndProject
Project("{8BC9CEB8-8B4A-11D0-8D11-00A0C91BC942}") = "Assignment0716", "Assignment0716\Assignment0716.vcxproj", "{A954BFDB-003A-484C-831B-567DA923C605}"
EndProject
Project("{8BC9CEB8-8B4A-11D0-8D11-00A0C91BC942}") = "Assignment0717", "Assignment0717\Assignment0717.vcxproj", "{EAAEF0F4-0385-4C15-BDF5-B48D7E441CB1}"
EndProject
Project("{8BC9CEB8-8B4A-11D0-8D11-00A0C91BC942}") = "Assignment0718", "Assignment0718\Assignment0718.vcxproj", "{1E880BE5-3885-4ACB-8FBF-279FE28B957D}"
EndProject
Global
	GlobalSection(SolutionConfigurationPlatforms) = preSolution
		Debug|x64 = Debug|x64
		Debug|x86 = Debug|x86
		Release|x64 = Release|x64
		Release|x86 = Release|x86
	EndGlobalSection
	GlobalSection(ProjectConfigurationPlatforms) = postSolution
		{6F6E5004-E61E-4345-B25D-34B60AD7E89E}.Debug|x64.ActiveCfg = Debug|x64
		{6F6E5004-E61E-4345-B25D-34B60AD7E89E}.Debug|x64.Build.0 = Debug|x64
		{6F6E5004-E61E-4345-B25D-34B60AD7E89E}.Debug|x86.ActiveCfg = Debug|Win32
		{6F6E5004-E61E-4345-B25D-34B60AD7E89E}.Debug|x86.Build.0 = Debug|Win32
		{6F6E5004-E61E-4345-B25D-34B60AD7E89E}.Release|x64.ActiveCfg = Release|x64
		{6F6E5004-E61E-4345-B25D-34B60AD7E89E}.Release|x64.Build.0 = Release|x64
		{6F6E5004-E61E-4345-B25D-34B60AD7E89E}.Release|x86.ActiveCfg = Release|Win32
		{6F6E5004-E61E-4345-B25D-34B60AD7E89E}.Release|x86.Build.0 = Release|Win32
		{8F66CE73-A51F-4FF9-BB99-D35B4AD961E5}.Debug|x64.ActiveCfg = Debug|x64
		{8F66CE73-A51F-4FF9-BB99-D35B4AD961E5}.Debug|x64.Build.0 = Debug|x64
		{8F66CE73-A51F-4FF9-BB99-D35B4AD961E5}.Debug|x86.ActiveCfg = Debug|Win32
		{8F66CE73-A51F-4FF9-BB99-D35B4AD961E5}.Debug|x86.Build.0 = Debug|Win32
		{8F66CE73-A51F-4FF9-BB99-D35B4AD961E5}.Release|x64.ActiveCfg = Release|x64
		{8F66CE73-A51F-4FF9-BB99-D35B4AD961E5}.Release|x64.Build.0 = Release|x64
		{8F66CE73-A51F-4FF9-BB99-D35B4AD961E5}.Release|x86.ActiveCfg = Release|Win32
		{8F66CE73-A51F-4FF9-BB99-D35B4AD961E5}.Release|x86.Build.0 = Release|Win32
		{A5E801D7-9DF9-47F8-890C-6052A4913FA5}.Debug|x64.ActiveCfg = Debug|x64
		{A5E801D7-9DF9-47F8-890C-6052A4913FA5}.Debug|x64.Build.0 = Debug|x64
		{A5E801D7-9DF9-47F8-890C-6052A4913FA5}.Debug|x86.ActiveCfg = Debug|Win32
		{A5E801D7-9DF9-47F8-890C-6052A4913FA5}.Debug|x86.Build.0 = Debug|Win32
		{A5E801D7-9DF9-47F8-890C-6052A4913FA5}.Release|x64.ActiveCfg = Release|x64
		{A5E801D7-9DF9-47F8-890C-6052A4913FA5}.Release|x64.Build.0 = Release|x64
		{A5E801D7-9DF9-47F8-890C-6052A4913FA5}.Release|x86.ActiveCfg = Release|Win32
		{A5E801D7-9DF9-47F8-890C-6052A4913FA5}.Release|x86.Build.0 = Release|Win32
		{3F003037-CCFF-4700-A279-FBCE0254B76A}.Debug|x64.ActiveCfg = Debug|x64
		{3F003037-CCFF-4700-A279-FBCE0254B76A}.Debug|x64.Build.0 = Debug|x64
		{3F003037-CCFF-4700-A279-FBCE0254B76A}.Debug|x86.ActiveCfg = Debug|Win32
		{3F003037-CCFF-4700-A279-FBCE0254B76A}.Debug|x86.Build.0 = Debug|Win32
		{3F003037-CCFF-4700-A279-FBCE0254B76A}.Release|x64.ActiveCfg = Release|x64
		{3F003037-CCFF-4700-A279-FBCE0254B76A}.Release|x64.Build.0 = Release|x64
		{3F003037-CCFF-4700-A279-FBCE0254B76A}.Release|x86.ActiveCfg = Release|Win32
		{3F003037-CCFF-4700-A279-FBCE0254B76A}.Release|x86.Build.0 = Release|Win32
		{EE30B959-4E11-4E57-909E-F0915B9575C2}.Debug|x64.ActiveCfg = Debug|x64
		{EE30B959-4E11-4E57-909E-F0915B9575C2}.Debug|x64.Build.0 = Debug|x64
		{EE30B959-4E11-4E57-909E-F0915B9575C2}.Debug|x86.ActiveCfg = Debug|Win32
		{EE30B959-4E11-4E57-909E-F0915B9575C2}.Debug|x86.Build.0 = Debug|Win32
		{EE30B959-4E11-4E57-909E-F0915B9575C2}.Release|x64.ActiveCfg = Release|x64
		{EE30B959-4E11-4E57-909E-F0915B9575C2}.Release|x64.Build.0 = Release|x64
		{EE30B959-4E11-4E57-909E-F0915B9575C2}.Release|x86.ActiveCfg = Release|Win32
		{EE30B959-4E11-4E57-909E-F0915B9575C2}.Release|x86.Build.0 = Release|Win32
		{65CA08F6-E489-44B0-BDCC-F42FF6E954B5}.Debug|x64.ActiveCfg = Debug|x64
		{65CA08F6-E489-44B0-BDCC-F42FF6E954B5}.Debug|x64.Build.0 = Debug|x64
		{65CA08F6-E489-44B0-BDCC-F42FF6E954B5}.Debug|x86.ActiveCfg = Debug|Win32
		{65CA08F6-E489-44B0-BDCC-F42FF6E954B5}.Debug|x86.Build.0 = Debug|Win32
		{65CA08F6-E489-44B0-BDCC-F42FF6E954B5}.Release|x64.ActiveCfg = Release|x64
		{65CA08F6-E489-44B0-BDCC-F42FF6E954B5}.Release|x64.Build.0 = Release|x64
		{65CA08F6-E489-44B0-BDCC-F42FF6E954B5}.Release|x86.ActiveCfg = Release|Win32
		{65CA08F6-E489-44B0-BDCC-F42FF6E954B5}.Release|x86.Build.0 = Release|Win32
		{5D4D3ED2-1209-4225-A12D-85F0E8FF56CF}.Debug|x64.ActiveCfg = Debug|x64
		{5D4D3ED2-1209-4225-A12D-85F0E8FF56CF}.Debug|x64.Build.0 = Debug|x64
		{5D4D3ED2-1209-4225-A12D-85F0E8FF56CF}.Debug|x86.ActiveCfg = Debug|Win32
		{5D4D3ED2-1209-4225-A12D-85F0E8FF56CF}.Debug|x86.Build.0 = Debug|Win32
		{5D4D3ED2-1209-4225-A12D-85F0E8FF56CF}.Release|x64.ActiveCfg = Release|x64
		{5D4D3ED2-1209-4225-A12D-85F0E8FF56CF}.Release|x64.Build.0 = Release|x64
		{5D4D3ED2-1209-4225-A12D-85F0E8FF56CF}.Release|x86.ActiveCfg = Release|Win32
		{5D4D3ED2-1209-4225-A12D-85F0E8FF56CF}.Release|x86.Build.0 = Release|Win32
		{2B0BF404-1A47-44FB-BD3E-9DE0346D6073}.Debug|x64.ActiveCfg = Debug|x64
		{2B0BF404-1A47-44FB-BD3E-9DE0346D6073}.Debug|x64.Build.0 = Debug|x64
		{2B0BF404-1A47-44FB-BD3E-9DE0346D6073}.Debug|x86.ActiveCfg = Debug|Win32
		{2B0BF404-1A47-44FB-BD3E-9DE0346D6073}.Debug|x86.Build.0 = Debug|Win32
		{2B0BF404-1A47-44FB-BD3E-9DE0346D6073}.Release|x64.ActiveCfg = Release|x64
		{2B0BF404-1A47-44FB-BD3E-9DE0346D6073}.Release|x64.Build.0 = Release|x64
		{2B0BF404-1A47-44FB-BD3E-9DE0346D6073}.Release|x86.ActiveCfg = Release|Win32
		{2B0BF404-1A47-44FB-BD3E-9DE0346D6073}.Release|x86.Build.0 = Release|Win32
		{F1B29583-045B-4AAF-89F9-3F68F3CD81C6}.Debug|x64.ActiveCfg = Debug|x64
		{F1B29583-045B-4AAF-89F9-3F68F3CD81C6}.Debug|x64.Build.0 = Debug|x64
		{F1B29583-045B-4AAF-89F9-3F68F3CD81C6}.Debug|x86.ActiveCfg = Debug|Win32
		{F1B29583-045B-4AAF-89F9-3F68F3CD81C6}.Debug|x86.Build.0 = Debug|Win32
		{F1B29583-045B-4AAF-89F9-3F68F3CD81C6}.Release|x64.ActiveCfg = Release|x64
		{F1B29583-045B-4AAF-89F9-3F68F3CD81C6}.Release|x64.Build.0 = Release|x64
		{F1B29583-045B-4AAF-89F9-3F68F3CD81C6}.Release|x86.ActiveCfg = Release|Win32
		{F1B29583-045B-4AAF-89F9-3F68F3CD81C6}.Release|x86.Build.0 = Release|Win32
		{61FAB9E7-BEA8-4872-8A93-16C2B23F1270}.Debug|x64.ActiveCfg = Debug|x64
		{61FAB9E7-BEA8-4872-8A93-16C2B23F1270}.Debug|x64.Build.0 = Debug|x64
		{61FAB9E7-BEA8-4872-8A93-16C2B23F1270}.Debug|x86.ActiveCfg = Debug|Win32
		{61FAB9E7-BEA8-4872-8A93-16C2B23F1270}.Debug|x86.Build.0 = Debug|Win32
		{61FAB9E7-BEA8-4872-8A93-16C2B23F1270}.Release|x64.ActiveCfg = Release|x64
		{61FAB9E7-BEA8-4872-8A93-16C2B23F1270}.Release|x64.Build.0 = Release|x64
		{61FAB9E7-BEA8-4872-8A93-16C2B23F1270}.Release|x86.ActiveCfg = Release|Win32
		{61FAB9E7-BEA8-4872-8A93-16C2B23F1270}.Release|x86.Build.0 = Release|Win32
		{2108D767-0DBF-496A-9C63-92A8AE0D3F82}.Debug|x64.ActiveCfg = Debug|x64
		{2108D767-0DBF-496A-9C63-92A8AE0D3F82}.Debug|x64.Build.0 = Debug|x64
		{2108D767-0DBF-496A-9C63-92A8AE0D3F82}.Debug|x86.ActiveCfg = Debug|Win32
		{2108D767-0DBF-496A-9C63-92A8AE0D3F82}.Debug|x86.Build.0 = Debug|Win32
		{2108D767-0DBF-496A-9C63-92A8AE0D3F82}.Release|x64.ActiveCfg = Release|x64
		{2108D767-0DBF-496A-9C63-92A8AE0D3F82}.Release|x64.Build.0 = Release|x64
		{2108D767-0DBF-496A-9C63-92A8AE0D3F82}.Release|x86.ActiveCfg = Release|Win32
		{2108D767-0DBF-496A-9C63-92A8AE0D3F82}.Release|x86.Build.0 = Release|Win32
		{B323C491-0F65-4AF0-AAEC-0A3FA760E0DF}.Debug|x64.ActiveCfg = Debug|x64
		{B323C491-0F65-4AF0-AAEC-0A3FA760E0DF}.Debug|x64.Build.0 = Debug|x64
		{B323C491-0F65-4AF0-AAEC-0A3FA760E0DF}.Debug|x86.ActiveCfg = Debug|Win32
		{B323C491-0F65-4AF0-AAEC-0A3FA760E0DF}.Debug|x86.Build.0 = Debug|Win32
		{B323C491-0F65-4AF0-AAEC-0A3FA760E0DF}.Release|x64.ActiveCfg = Release|x64
		{B323C491-0F65-4AF0-AAEC-0A3FA760E0DF}.Release|x64.Build.0 = Release|x64
		{B323C491-0F65-4AF0-AAEC-0A3FA760E0DF}.Release|x86.ActiveCfg = Release|Win32
		{B323C491-0F65-4AF0-AAEC-0A3FA760E0DF}.Release|x86.Build.0 = Release|Win32
		{36739646-E66C-496F-A5A9-EC6663892E68}.Debug|x64.ActiveCfg = Debug|x64
		{36739646-E66C-496F-A5A9-EC6663892E68}.Debug|x64.Build.0 = Debug|x64
		{36739646-E66C-496F-A5A9-EC6663892E68}.Debug|x86.ActiveCfg = Debug|Win32
		{36739646-E66C-496F-A5A9-EC6663892E68}.Debug|x86.Build.0 = Debug|Win32
		{36739646-E66C-496F-A5A9-EC6663892E68}.Release|x64.ActiveCfg = Release|x64
		{36739646-E66C-496F-A5A9-EC6663892E68}.Release|x64.Build.0 = Release|x64
		{36739646-E66C-496F-A5A9-EC6663892E68}.Release|x86.ActiveCfg = Release|Win32
		{36739646-E66C-496F-A5A9-EC6663892E68}.Release|x86.Build.0 = Release|Win32
		{1988FEDA-0E1E-4D58-97BA-BA4E4A3F7C2A}.Debug|x64.ActiveCfg = Debug|x64
		{1988FEDA-0E1E-4D58-97BA-BA4E4A3F7C2A}.Debug|x64.Build.0 = Debug|x64
		{1988FEDA-0E1E-4D58-97BA-BA4E4A3F7C2A}.Debug|x86.ActiveCfg = Debug|Win32
		{1988FEDA-0E1E-4D58-97BA-BA4E4A3F7C2A}.Debug|x86.Build.0 = Debug|Win32
		{1988FEDA-0E1E-4D58-97BA-BA4E4A3F7C2A}.Release|x64.ActiveCfg = Release|x64
		{1988FEDA-0E1E-4D58-97BA-BA4E4A3F7C2A}.Release|x64.Build.0 = Release|x64
		{1988FEDA-0E1E-4D58-97BA-BA4E4A3F7C2A}.Release|x86.ActiveCfg = Release|Win32
		{1988FEDA-0E1E-4D58-97BA-BA4E4A3F7C2A}.Release|x86.Build.0 = Release|Win32
		{CEA372D8-26D8-4F0B-8C99-D1CD2C0AFA29}.Debug|x64.ActiveCfg = Debug|x64
		{CEA372D8-26D8-4F0B-8C99-D1CD2C0AFA29}.Debug|x64.Build.0 = Debug|x64
		{CEA372D8-26D8-4F0B-8C99-D1CD2C0AFA29}.Debug|x86.ActiveCfg = Debug|Win32
		{CEA372D8-26D8-4F0B-8C99-D1CD2C0AFA29}.Debug|x86.Build.0 = Debug|Win32
		{CEA372D8-26D8-4F0B-8C99-D1CD2C0AFA29}.Release|x64.ActiveCfg = Release|x64
		{CEA372D8-26D8-4F0B-8C99-D1CD2C0AFA29}.Release|x64.Build.0 = Release|x64
		{CEA372D8-26D8-4F0B-8C99-D1CD2C0AFA29}.Release|x86.ActiveCfg = Release|Win32
		{CEA372D8-26D8-4F0B-8C99-D1CD2C0AFA29}.Release|x86.Build.0 = Release|Win32
		{A954BFDB-003A-484C-831B-567DA923C605}.Debug|x64.ActiveCfg = Debug|x64
		{A954BFDB-003A-484C-831B-567DA923C605}.Debug|x64.Build.0 = Debug|x64
		{A954BFDB-003A-484C-831B-567DA923C605}.Debug|x86.ActiveCfg = Debug|Win32
		{A954BFDB-003A-484C-831B-567DA923C605}.Debug|x86.Build.0 = Debug|Win32
		{A954BFDB-003A-484C-831B-567DA923C605}.Release|x64.ActiveCfg = Release|x64
		{A954BFDB-003A-484C-831B-567DA923C605}.Release|x64.Build.0 = Release|x64
		{A954BFDB-003A-484C-831B-567DA923C605}.Release|x86.ActiveCfg = Release|Win32
		{A954BFDB-003A-484C-831B-567DA923C605}.Release|x86.Build.0 = Release|Win32
		{EAAEF0F4-0385-4C15-BDF5-B48D7E441CB1}.Debug|x64.ActiveCfg = Debug|x64
		{EAAEF0F4-0385-4C15-BDF5-B48D7E441CB1}.Debug|x64.Build.0 = Debug|x64
		{EAAEF0F4-0385-4C15-BDF5-B48D7E441CB1}.Debug|x86.ActiveCfg = Debug|Win32
		{EAAEF0F4-0385-4C15-BDF5-B48D7E441CB1}.Debug|x86.Build.0 = Debug|Win32
		{EAAEF0F4-0385-4C15-BDF5-B48D7E441CB1}.Release|x64.ActiveCfg = Release|x64
		{EAAEF0F4-0385-4C15-BDF5-B48D7E441CB1}.Release|x64.Build.0 = Release|x64
		{EAAEF0F4-0385-4C15-BDF5-B48D7E441CB1}.Release|x86.ActiveCfg = Release|Win32
		{EAAEF0F4-0385-4C15-BDF5-B48D7E441CB1}.Release|x86.Build.0 = Release|Win32
		{1E880BE5-3885-4ACB-8FBF-279FE28B957D}.Debug|x64.ActiveCfg = Debug|x64
		{1E880BE5-3885-4ACB-8FBF-279FE28B957D}.Debug|x64.Build.0 = Debug|x64
		{1E880BE5-3885-4ACB-8FBF-279FE28B957D}.Debug|x86.ActiveCfg = Debug|Win32
		{1E880BE5-3885-4ACB-8FBF-279FE28B957D}.Debug|x86.Build.0 = Debug|Win32
		{1E880BE5-3885-4ACB-8FBF-279FE28B957D}.Release|x64.ActiveCfg = Release|x64
		{1E880BE5-3885-4ACB-8FBF-279FE28B957D}.Release|x64.Build.0 = Release|x64
		{1E880BE5-3885-4ACB-8FBF-279FE28B957D}.Release|x86.ActiveCfg = Release|Win32
		{1E880BE5-3885-4ACB-8FBF-279FE28B957D}.Release|x86.Build.0 = Release|Win32
	EndGlobalSection
	GlobalSection(SolutionProperties) = preSolution
		HideSolutionNode = FALSE
	EndGlobalSection
	GlobalSection(ExtensibilityGlobals) = postSolution
		SolutionGuid = {FE3EE759-6126-4412-AFB2-2634A0FC8A99}
	EndGlobalSection
EndGlobal
