
Microsoft Visual Studio Solution File, Format Version 12.00
# Visual Studio Version 17
VisualStudioVersion = 17.13.35828.75
MinimumVisualStudioVersion = 10.0.40219.1
Project("{8BC9CEB8-8B4A-11D0-8D11-00A0C91BC942}") = "Assignment0301", "Assignment0301\Assignment0301.vcxproj", "{975151C1-DF7E-4A08-BFBD-DBCA901965A0}"
EndProject
Project("{8BC9CEB8-8B4A-11D0-8D11-00A0C91BC942}") = "Assignment0302", "Assignment0302\Assignment0302.vcxproj", "{1ADF810B-1FD9-4160-B074-248CF4E75262}"
EndProject
Project("{8BC9CEB8-8B4A-11D0-8D11-00A0C91BC942}") = "Assignment0303", "Assignment0303\Assignment0303.vcxproj", "{B52BDFFD-B051-4EEA-AA6B-04D3DFFF7AE7}"
EndProject
Project("{8BC9CEB8-8B4A-11D0-8D11-00A0C91BC942}") = "Assignment0304", "Assignment0304\Assignment0304.vcxproj", "{BB87C72D-23F9-4064-B7A8-5E9B027C1177}"
EndProject
Project("{8BC9CEB8-8B4A-11D0-8D11-00A0C91BC942}") = "Assignment0305", "Assignment0305\Assignment0305.vcxproj", "{31CB33FA-2DA1-4C78-8DC9-ABEC80F26E96}"
EndProject
Project("{8BC9CEB8-8B4A-11D0-8D11-00A0C91BC942}") = "Assignment0306", "Assignment0306\Assignment0306.vcxproj", "{C32590DE-A102-408B-A4F4-60314A444E3F}"
EndProject
Project("{8BC9CEB8-8B4A-11D0-8D11-00A0C91BC942}") = "Assignment0307", "Assignment0307\Assignment0307.vcxproj", "{59564E9C-E47B-43A8-A14B-94BF3DF05A94}"
EndProject
Project("{8BC9CEB8-8B4A-11D0-8D11-00A0C91BC942}") = "Assignment0308", "Assignment0308\Assignment0308.vcxproj", "{47890F8E-FA49-4837-8BB1-64DED277FE87}"
EndProject
Project("{8BC9CEB8-8B4A-11D0-8D11-00A0C91BC942}") = "Assignment0309", "Assignment0309\Assignment0309.vcxproj", "{6AAD41D5-0899-4469-BBC3-E227E2CBD892}"
EndProject
Project("{8BC9CEB8-8B4A-11D0-8D11-00A0C91BC942}") = "Assignment0311", "Assignment0311\Assignment0311.vcxproj", "{00A620B2-58E0-4ECB-9290-8E0B7FC96E21}"
EndProject
Project("{8BC9CEB8-8B4A-11D0-8D11-00A0C91BC942}") = "Assignment0310", "Assignment0310\Assignment0310.vcxproj", "{F236BF3F-7DC2-4A24-AA5E-24B575C86BF1}"
EndProject
Global
	GlobalSection(SolutionConfigurationPlatforms) = preSolution
		Debug|x64 = Debug|x64
		Debug|x86 = Debug|x86
		Release|x64 = Release|x64
		Release|x86 = Release|x86
	EndGlobalSection
	GlobalSection(ProjectConfigurationPlatforms) = postSolution
		{975151C1-DF7E-4A08-BFBD-DBCA901965A0}.Debug|x64.ActiveCfg = Debug|x64
		{975151C1-DF7E-4A08-BFBD-DBCA901965A0}.Debug|x64.Build.0 = Debug|x64
		{975151C1-DF7E-4A08-BFBD-DBCA901965A0}.Debug|x86.ActiveCfg = Debug|Win32
		{975151C1-DF7E-4A08-BFBD-DBCA901965A0}.Debug|x86.Build.0 = Debug|Win32
		{975151C1-DF7E-4A08-BFBD-DBCA901965A0}.Release|x64.ActiveCfg = Release|x64
		{975151C1-DF7E-4A08-BFBD-DBCA901965A0}.Release|x64.Build.0 = Release|x64
		{975151C1-DF7E-4A08-BFBD-DBCA901965A0}.Release|x86.ActiveCfg = Release|Win32
		{975151C1-DF7E-4A08-BFBD-DBCA901965A0}.Release|x86.Build.0 = Release|Win32
		{1ADF810B-1FD9-4160-B074-248CF4E75262}.Debug|x64.ActiveCfg = Debug|x64
		{1ADF810B-1FD9-4160-B074-248CF4E75262}.Debug|x64.Build.0 = Debug|x64
		{1ADF810B-1FD9-4160-B074-248CF4E75262}.Debug|x86.ActiveCfg = Debug|Win32
		{1ADF810B-1FD9-4160-B074-248CF4E75262}.Debug|x86.Build.0 = Debug|Win32
		{1ADF810B-1FD9-4160-B074-248CF4E75262}.Release|x64.ActiveCfg = Release|x64
		{1ADF810B-1FD9-4160-B074-248CF4E75262}.Release|x64.Build.0 = Release|x64
		{1ADF810B-1FD9-4160-B074-248CF4E75262}.Release|x86.ActiveCfg = Release|Win32
		{1ADF810B-1FD9-4160-B074-248CF4E75262}.Release|x86.Build.0 = Release|Win32
		{B52BDFFD-B051-4EEA-AA6B-04D3DFFF7AE7}.Debug|x64.ActiveCfg = Debug|x64
		{B52BDFFD-B051-4EEA-AA6B-04D3DFFF7AE7}.Debug|x64.Build.0 = Debug|x64
		{B52BDFFD-B051-4EEA-AA6B-04D3DFFF7AE7}.Debug|x86.ActiveCfg = Debug|Win32
		{B52BDFFD-B051-4EEA-AA6B-04D3DFFF7AE7}.Debug|x86.Build.0 = Debug|Win32
		{B52BDFFD-B051-4EEA-AA6B-04D3DFFF7AE7}.Release|x64.ActiveCfg = Release|x64
		{B52BDFFD-B051-4EEA-AA6B-04D3DFFF7AE7}.Release|x64.Build.0 = Release|x64
		{B52BDFFD-B051-4EEA-AA6B-04D3DFFF7AE7}.Release|x86.ActiveCfg = Release|Win32
		{B52BDFFD-B051-4EEA-AA6B-04D3DFFF7AE7}.Release|x86.Build.0 = Release|Win32
		{BB87C72D-23F9-4064-B7A8-5E9B027C1177}.Debug|x64.ActiveCfg = Debug|x64
		{BB87C72D-23F9-4064-B7A8-5E9B027C1177}.Debug|x64.Build.0 = Debug|x64
		{BB87C72D-23F9-4064-B7A8-5E9B027C1177}.Debug|x86.ActiveCfg = Debug|Win32
		{BB87C72D-23F9-4064-B7A8-5E9B027C1177}.Debug|x86.Build.0 = Debug|Win32
		{BB87C72D-23F9-4064-B7A8-5E9B027C1177}.Release|x64.ActiveCfg = Release|x64
		{BB87C72D-23F9-4064-B7A8-5E9B027C1177}.Release|x64.Build.0 = Release|x64
		{BB87C72D-23F9-4064-B7A8-5E9B027C1177}.Release|x86.ActiveCfg = Release|Win32
		{BB87C72D-23F9-4064-B7A8-5E9B027C1177}.Release|x86.Build.0 = Release|Win32
		{31CB33FA-2DA1-4C78-8DC9-ABEC80F26E96}.Debug|x64.ActiveCfg = Debug|x64
		{31CB33FA-2DA1-4C78-8DC9-ABEC80F26E96}.Debug|x64.Build.0 = Debug|x64
		{31CB33FA-2DA1-4C78-8DC9-ABEC80F26E96}.Debug|x86.ActiveCfg = Debug|Win32
		{31CB33FA-2DA1-4C78-8DC9-ABEC80F26E96}.Debug|x86.Build.0 = Debug|Win32
		{31CB33FA-2DA1-4C78-8DC9-ABEC80F26E96}.Release|x64.ActiveCfg = Release|x64
		{31CB33FA-2DA1-4C78-8DC9-ABEC80F26E96}.Release|x64.Build.0 = Release|x64
		{31CB33FA-2DA1-4C78-8DC9-ABEC80F26E96}.Release|x86.ActiveCfg = Release|Win32
		{31CB33FA-2DA1-4C78-8DC9-ABEC80F26E96}.Release|x86.Build.0 = Release|Win32
		{C32590DE-A102-408B-A4F4-60314A444E3F}.Debug|x64.ActiveCfg = Debug|x64
		{C32590DE-A102-408B-A4F4-60314A444E3F}.Debug|x64.Build.0 = Debug|x64
		{C32590DE-A102-408B-A4F4-60314A444E3F}.Debug|x86.ActiveCfg = Debug|Win32
		{C32590DE-A102-408B-A4F4-60314A444E3F}.Debug|x86.Build.0 = Debug|Win32
		{C32590DE-A102-408B-A4F4-60314A444E3F}.Release|x64.ActiveCfg = Release|x64
		{C32590DE-A102-408B-A4F4-60314A444E3F}.Release|x64.Build.0 = Release|x64
		{C32590DE-A102-408B-A4F4-60314A444E3F}.Release|x86.ActiveCfg = Release|Win32
		{C32590DE-A102-408B-A4F4-60314A444E3F}.Release|x86.Build.0 = Release|Win32
		{59564E9C-E47B-43A8-A14B-94BF3DF05A94}.Debug|x64.ActiveCfg = Debug|x64
		{59564E9C-E47B-43A8-A14B-94BF3DF05A94}.Debug|x64.Build.0 = Debug|x64
		{59564E9C-E47B-43A8-A14B-94BF3DF05A94}.Debug|x86.ActiveCfg = Debug|Win32
		{59564E9C-E47B-43A8-A14B-94BF3DF05A94}.Debug|x86.Build.0 = Debug|Win32
		{59564E9C-E47B-43A8-A14B-94BF3DF05A94}.Release|x64.ActiveCfg = Release|x64
		{59564E9C-E47B-43A8-A14B-94BF3DF05A94}.Release|x64.Build.0 = Release|x64
		{59564E9C-E47B-43A8-A14B-94BF3DF05A94}.Release|x86.ActiveCfg = Release|Win32
		{59564E9C-E47B-43A8-A14B-94BF3DF05A94}.Release|x86.Build.0 = Release|Win32
		{47890F8E-FA49-4837-8BB1-64DED277FE87}.Debug|x64.ActiveCfg = Debug|x64
		{47890F8E-FA49-4837-8BB1-64DED277FE87}.Debug|x64.Build.0 = Debug|x64
		{47890F8E-FA49-4837-8BB1-64DED277FE87}.Debug|x86.ActiveCfg = Debug|Win32
		{47890F8E-FA49-4837-8BB1-64DED277FE87}.Debug|x86.Build.0 = Debug|Win32
		{47890F8E-FA49-4837-8BB1-64DED277FE87}.Release|x64.ActiveCfg = Release|x64
		{47890F8E-FA49-4837-8BB1-64DED277FE87}.Release|x64.Build.0 = Release|x64
		{47890F8E-FA49-4837-8BB1-64DED277FE87}.Release|x86.ActiveCfg = Release|Win32
		{47890F8E-FA49-4837-8BB1-64DED277FE87}.Release|x86.Build.0 = Release|Win32
		{6AAD41D5-0899-4469-BBC3-E227E2CBD892}.Debug|x64.ActiveCfg = Debug|x64
		{6AAD41D5-0899-4469-BBC3-E227E2CBD892}.Debug|x64.Build.0 = Debug|x64
		{6AAD41D5-0899-4469-BBC3-E227E2CBD892}.Debug|x86.ActiveCfg = Debug|Win32
		{6AAD41D5-0899-4469-BBC3-E227E2CBD892}.Debug|x86.Build.0 = Debug|Win32
		{6AAD41D5-0899-4469-BBC3-E227E2CBD892}.Release|x64.ActiveCfg = Release|x64
		{6AAD41D5-0899-4469-BBC3-E227E2CBD892}.Release|x64.Build.0 = Release|x64
		{6AAD41D5-0899-4469-BBC3-E227E2CBD892}.Release|x86.ActiveCfg = Release|Win32
		{6AAD41D5-0899-4469-BBC3-E227E2CBD892}.Release|x86.Build.0 = Release|Win32
		{00A620B2-58E0-4ECB-9290-8E0B7FC96E21}.Debug|x64.ActiveCfg = Debug|x64
		{00A620B2-58E0-4ECB-9290-8E0B7FC96E21}.Debug|x64.Build.0 = Debug|x64
		{00A620B2-58E0-4ECB-9290-8E0B7FC96E21}.Debug|x86.ActiveCfg = Debug|Win32
		{00A620B2-58E0-4ECB-9290-8E0B7FC96E21}.Debug|x86.Build.0 = Debug|Win32
		{00A620B2-58E0-4ECB-9290-8E0B7FC96E21}.Release|x64.ActiveCfg = Release|x64
		{00A620B2-58E0-4ECB-9290-8E0B7FC96E21}.Release|x64.Build.0 = Release|x64
		{00A620B2-58E0-4ECB-9290-8E0B7FC96E21}.Release|x86.ActiveCfg = Release|Win32
		{00A620B2-58E0-4ECB-9290-8E0B7FC96E21}.Release|x86.Build.0 = Release|Win32
		{F236BF3F-7DC2-4A24-AA5E-24B575C86BF1}.Debug|x64.ActiveCfg = Debug|x64
		{F236BF3F-7DC2-4A24-AA5E-24B575C86BF1}.Debug|x64.Build.0 = Debug|x64
		{F236BF3F-7DC2-4A24-AA5E-24B575C86BF1}.Debug|x86.ActiveCfg = Debug|Win32
		{F236BF3F-7DC2-4A24-AA5E-24B575C86BF1}.Debug|x86.Build.0 = Debug|Win32
		{F236BF3F-7DC2-4A24-AA5E-24B575C86BF1}.Release|x64.ActiveCfg = Release|x64
		{F236BF3F-7DC2-4A24-AA5E-24B575C86BF1}.Release|x64.Build.0 = Release|x64
		{F236BF3F-7DC2-4A24-AA5E-24B575C86BF1}.Release|x86.ActiveCfg = Release|Win32
		{F236BF3F-7DC2-4A24-AA5E-24B575C86BF1}.Release|x86.Build.0 = Release|Win32
	EndGlobalSection
	GlobalSection(SolutionProperties) = preSolution
		HideSolutionNode = FALSE
	EndGlobalSection
	GlobalSection(ExtensibilityGlobals) = postSolution
		SolutionGuid = {148A7E68-C693-423B-8A8F-96203E56457C}
	EndGlobalSection
EndGlobal
