
Microsoft Visual Studio Solution File, Format Version 12.00
# Visual Studio Version 17
VisualStudioVersion = 17.13.35828.75 d17.13
MinimumVisualStudioVersion = 10.0.40219.1
Project("{8BC9CEB8-8B4A-11D0-8D11-00A0C91BC942}") = "Assignment0401", "Assignment0401\Assignment0401.vcxproj", "{6A4A02C2-4CEF-43C3-88F9-01AAB6BDAD5F}"
EndProject
Project("{8BC9CEB8-8B4A-11D0-8D11-00A0C91BC942}") = "Assignment0402", "Assignment0402\Assignment0402.vcxproj", "{10FEF01D-CB50-4B7A-A87A-AC3060ADF21B}"
EndProject
Project("{8BC9CEB8-8B4A-11D0-8D11-00A0C91BC942}") = "Assignment0403", "Assignment0403\Assignment0403.vcxproj", "{ED8D6739-206C-4082-8402-FB359C661B03}"
EndProject
Project("{8BC9CEB8-8B4A-11D0-8D11-00A0C91BC942}") = "Assignment0404", "Assignment0404\Assignment0404.vcxproj", "{29300826-7B42-429C-98F8-13C9830C5F53}"
EndProject
Project("{8BC9CEB8-8B4A-11D0-8D11-00A0C91BC942}") = "Assignment0405", "Assignment0405\Assignment0405.vcxproj", "{7118FA24-88B9-4A31-9EB7-825CB9BACD87}"
EndProject
Project("{8BC9CEB8-8B4A-11D0-8D11-00A0C91BC942}") = "Assignment0406", "Assignment0406\Assignment0406.vcxproj", "{4668B766-BF94-4C96-BFA0-DD7676CCEFA4}"
EndProject
Project("{8BC9CEB8-8B4A-11D0-8D11-00A0C91BC942}") = "Assignment0407", "Assignment0407\Assignment0407.vcxproj", "{5B8FF475-BDBA-40AB-95BE-CBD6C3DED54B}"
EndProject
Project("{8BC9CEB8-8B4A-11D0-8D11-00A0C91BC942}") = "Assignment0408", "Assignmnet0408\Assignmnet0408.vcxproj", "{102A7F0A-6D9A-4A1D-B61A-E91379B54C33}"
EndProject
Project("{8BC9CEB8-8B4A-11D0-8D11-00A0C91BC942}") = "Assignment0409", "Assignment0409\Assignment0409.vcxproj", "{BAFF3AC6-523A-4D7D-8C08-0CF20B92D54C}"
EndProject
Project("{8BC9CEB8-8B4A-11D0-8D11-00A0C91BC942}") = "Assignment0410", "Assignment0410\Assignment0410.vcxproj", "{FA6D9BEB-A85C-498F-B3C3-A78CC4C09306}"
EndProject
Project("{8BC9CEB8-8B4A-11D0-8D11-00A0C91BC942}") = "Assignment0411", "Assignment0411\Assignment0411.vcxproj", "{61B56F62-FA45-435F-AEEA-BABC3BF44191}"
EndProject
Project("{8BC9CEB8-8B4A-11D0-8D11-00A0C91BC942}") = "Assignment0412", "Assignment0412\Assignment0412.vcxproj", "{A276A32C-0E05-45AE-B1EE-59345D903784}"
EndProject
Project("{8BC9CEB8-8B4A-11D0-8D11-00A0C91BC942}") = "Assignment0413", "Assignment0413\Assignment0413.vcxproj", "{0BA73166-16D5-4DE5-BD04-038AAC08FE2F}"
EndProject
Project("{8BC9CEB8-8B4A-11D0-8D11-00A0C91BC942}") = "Assignment0414", "Assignment0414\Assignment0414.vcxproj", "{01223B88-A95D-4CF1-90A3-8B3699AC8A03}"
EndProject
Project("{8BC9CEB8-8B4A-11D0-8D11-00A0C91BC942}") = "Assignment0415", "Assignment0415\Assignment0415.vcxproj", "{4BB8A639-6BAD-475B-A7D7-0D62992A239A}"
EndProject
Project("{8BC9CEB8-8B4A-11D0-8D11-00A0C91BC942}") = "Assignment0416", "Assignment0416\Assignment0416.vcxproj", "{457A041E-35FC-4DBE-BF78-151AA50522C5}"
EndProject
Project("{8BC9CEB8-8B4A-11D0-8D11-00A0C91BC942}") = "Assignment0417", "Assignment0417\Assignment0417.vcxproj", "{6DCE8D55-6A41-4182-A01C-993616851464}"
EndProject
Global
	GlobalSection(SolutionConfigurationPlatforms) = preSolution
		Debug|x64 = Debug|x64
		Debug|x86 = Debug|x86
		Release|x64 = Release|x64
		Release|x86 = Release|x86
	EndGlobalSection
	GlobalSection(ProjectConfigurationPlatforms) = postSolution
		{6A4A02C2-4CEF-43C3-88F9-01AAB6BDAD5F}.Debug|x64.ActiveCfg = Debug|x64
		{6A4A02C2-4CEF-43C3-88F9-01AAB6BDAD5F}.Debug|x64.Build.0 = Debug|x64
		{6A4A02C2-4CEF-43C3-88F9-01AAB6BDAD5F}.Debug|x86.ActiveCfg = Debug|Win32
		{6A4A02C2-4CEF-43C3-88F9-01AAB6BDAD5F}.Debug|x86.Build.0 = Debug|Win32
		{6A4A02C2-4CEF-43C3-88F9-01AAB6BDAD5F}.Release|x64.ActiveCfg = Release|x64
		{6A4A02C2-4CEF-43C3-88F9-01AAB6BDAD5F}.Release|x64.Build.0 = Release|x64
		{6A4A02C2-4CEF-43C3-88F9-01AAB6BDAD5F}.Release|x86.ActiveCfg = Release|Win32
		{6A4A02C2-4CEF-43C3-88F9-01AAB6BDAD5F}.Release|x86.Build.0 = Release|Win32
		{10FEF01D-CB50-4B7A-A87A-AC3060ADF21B}.Debug|x64.ActiveCfg = Debug|x64
		{10FEF01D-CB50-4B7A-A87A-AC3060ADF21B}.Debug|x64.Build.0 = Debug|x64
		{10FEF01D-CB50-4B7A-A87A-AC3060ADF21B}.Debug|x86.ActiveCfg = Debug|Win32
		{10FEF01D-CB50-4B7A-A87A-AC3060ADF21B}.Debug|x86.Build.0 = Debug|Win32
		{10FEF01D-CB50-4B7A-A87A-AC3060ADF21B}.Release|x64.ActiveCfg = Release|x64
		{10FEF01D-CB50-4B7A-A87A-AC3060ADF21B}.Release|x64.Build.0 = Release|x64
		{10FEF01D-CB50-4B7A-A87A-AC3060ADF21B}.Release|x86.ActiveCfg = Release|Win32
		{10FEF01D-CB50-4B7A-A87A-AC3060ADF21B}.Release|x86.Build.0 = Release|Win32
		{ED8D6739-206C-4082-8402-FB359C661B03}.Debug|x64.ActiveCfg = Debug|x64
		{ED8D6739-206C-4082-8402-FB359C661B03}.Debug|x64.Build.0 = Debug|x64
		{ED8D6739-206C-4082-8402-FB359C661B03}.Debug|x86.ActiveCfg = Debug|Win32
		{ED8D6739-206C-4082-8402-FB359C661B03}.Debug|x86.Build.0 = Debug|Win32
		{ED8D6739-206C-4082-8402-FB359C661B03}.Release|x64.ActiveCfg = Release|x64
		{ED8D6739-206C-4082-8402-FB359C661B03}.Release|x64.Build.0 = Release|x64
		{ED8D6739-206C-4082-8402-FB359C661B03}.Release|x86.ActiveCfg = Release|Win32
		{ED8D6739-206C-4082-8402-FB359C661B03}.Release|x86.Build.0 = Release|Win32
		{29300826-7B42-429C-98F8-13C9830C5F53}.Debug|x64.ActiveCfg = Debug|x64
		{29300826-7B42-429C-98F8-13C9830C5F53}.Debug|x64.Build.0 = Debug|x64
		{29300826-7B42-429C-98F8-13C9830C5F53}.Debug|x86.ActiveCfg = Debug|Win32
		{29300826-7B42-429C-98F8-13C9830C5F53}.Debug|x86.Build.0 = Debug|Win32
		{29300826-7B42-429C-98F8-13C9830C5F53}.Release|x64.ActiveCfg = Release|x64
		{29300826-7B42-429C-98F8-13C9830C5F53}.Release|x64.Build.0 = Release|x64
		{29300826-7B42-429C-98F8-13C9830C5F53}.Release|x86.ActiveCfg = Release|Win32
		{29300826-7B42-429C-98F8-13C9830C5F53}.Release|x86.Build.0 = Release|Win32
		{7118FA24-88B9-4A31-9EB7-825CB9BACD87}.Debug|x64.ActiveCfg = Debug|x64
		{7118FA24-88B9-4A31-9EB7-825CB9BACD87}.Debug|x64.Build.0 = Debug|x64
		{7118FA24-88B9-4A31-9EB7-825CB9BACD87}.Debug|x86.ActiveCfg = Debug|Win32
		{7118FA24-88B9-4A31-9EB7-825CB9BACD87}.Debug|x86.Build.0 = Debug|Win32
		{7118FA24-88B9-4A31-9EB7-825CB9BACD87}.Release|x64.ActiveCfg = Release|x64
		{7118FA24-88B9-4A31-9EB7-825CB9BACD87}.Release|x64.Build.0 = Release|x64
		{7118FA24-88B9-4A31-9EB7-825CB9BACD87}.Release|x86.ActiveCfg = Release|Win32
		{7118FA24-88B9-4A31-9EB7-825CB9BACD87}.Release|x86.Build.0 = Release|Win32
		{4668B766-BF94-4C96-BFA0-DD7676CCEFA4}.Debug|x64.ActiveCfg = Debug|x64
		{4668B766-BF94-4C96-BFA0-DD7676CCEFA4}.Debug|x64.Build.0 = Debug|x64
		{4668B766-BF94-4C96-BFA0-DD7676CCEFA4}.Debug|x86.ActiveCfg = Debug|Win32
		{4668B766-BF94-4C96-BFA0-DD7676CCEFA4}.Debug|x86.Build.0 = Debug|Win32
		{4668B766-BF94-4C96-BFA0-DD7676CCEFA4}.Release|x64.ActiveCfg = Release|x64
		{4668B766-BF94-4C96-BFA0-DD7676CCEFA4}.Release|x64.Build.0 = Release|x64
		{4668B766-BF94-4C96-BFA0-DD7676CCEFA4}.Release|x86.ActiveCfg = Release|Win32
		{4668B766-BF94-4C96-BFA0-DD7676CCEFA4}.Release|x86.Build.0 = Release|Win32
		{5B8FF475-BDBA-40AB-95BE-CBD6C3DED54B}.Debug|x64.ActiveCfg = Debug|x64
		{5B8FF475-BDBA-40AB-95BE-CBD6C3DED54B}.Debug|x64.Build.0 = Debug|x64
		{5B8FF475-BDBA-40AB-95BE-CBD6C3DED54B}.Debug|x86.ActiveCfg = Debug|Win32
		{5B8FF475-BDBA-40AB-95BE-CBD6C3DED54B}.Debug|x86.Build.0 = Debug|Win32
		{5B8FF475-BDBA-40AB-95BE-CBD6C3DED54B}.Release|x64.ActiveCfg = Release|x64
		{5B8FF475-BDBA-40AB-95BE-CBD6C3DED54B}.Release|x64.Build.0 = Release|x64
		{5B8FF475-BDBA-40AB-95BE-CBD6C3DED54B}.Release|x86.ActiveCfg = Release|Win32
		{5B8FF475-BDBA-40AB-95BE-CBD6C3DED54B}.Release|x86.Build.0 = Release|Win32
		{102A7F0A-6D9A-4A1D-B61A-E91379B54C33}.Debug|x64.ActiveCfg = Debug|x64
		{102A7F0A-6D9A-4A1D-B61A-E91379B54C33}.Debug|x64.Build.0 = Debug|x64
		{102A7F0A-6D9A-4A1D-B61A-E91379B54C33}.Debug|x86.ActiveCfg = Debug|Win32
		{102A7F0A-6D9A-4A1D-B61A-E91379B54C33}.Debug|x86.Build.0 = Debug|Win32
		{102A7F0A-6D9A-4A1D-B61A-E91379B54C33}.Release|x64.ActiveCfg = Release|x64
		{102A7F0A-6D9A-4A1D-B61A-E91379B54C33}.Release|x64.Build.0 = Release|x64
		{102A7F0A-6D9A-4A1D-B61A-E91379B54C33}.Release|x86.ActiveCfg = Release|Win32
		{102A7F0A-6D9A-4A1D-B61A-E91379B54C33}.Release|x86.Build.0 = Release|Win32
		{BAFF3AC6-523A-4D7D-8C08-0CF20B92D54C}.Debug|x64.ActiveCfg = Debug|x64
		{BAFF3AC6-523A-4D7D-8C08-0CF20B92D54C}.Debug|x64.Build.0 = Debug|x64
		{BAFF3AC6-523A-4D7D-8C08-0CF20B92D54C}.Debug|x86.ActiveCfg = Debug|Win32
		{BAFF3AC6-523A-4D7D-8C08-0CF20B92D54C}.Debug|x86.Build.0 = Debug|Win32
		{BAFF3AC6-523A-4D7D-8C08-0CF20B92D54C}.Release|x64.ActiveCfg = Release|x64
		{BAFF3AC6-523A-4D7D-8C08-0CF20B92D54C}.Release|x64.Build.0 = Release|x64
		{BAFF3AC6-523A-4D7D-8C08-0CF20B92D54C}.Release|x86.ActiveCfg = Release|Win32
		{BAFF3AC6-523A-4D7D-8C08-0CF20B92D54C}.Release|x86.Build.0 = Release|Win32
		{FA6D9BEB-A85C-498F-B3C3-A78CC4C09306}.Debug|x64.ActiveCfg = Debug|x64
		{FA6D9BEB-A85C-498F-B3C3-A78CC4C09306}.Debug|x64.Build.0 = Debug|x64
		{FA6D9BEB-A85C-498F-B3C3-A78CC4C09306}.Debug|x86.ActiveCfg = Debug|Win32
		{FA6D9BEB-A85C-498F-B3C3-A78CC4C09306}.Debug|x86.Build.0 = Debug|Win32
		{FA6D9BEB-A85C-498F-B3C3-A78CC4C09306}.Release|x64.ActiveCfg = Release|x64
		{FA6D9BEB-A85C-498F-B3C3-A78CC4C09306}.Release|x64.Build.0 = Release|x64
		{FA6D9BEB-A85C-498F-B3C3-A78CC4C09306}.Release|x86.ActiveCfg = Release|Win32
		{FA6D9BEB-A85C-498F-B3C3-A78CC4C09306}.Release|x86.Build.0 = Release|Win32
		{61B56F62-FA45-435F-AEEA-BABC3BF44191}.Debug|x64.ActiveCfg = Debug|x64
		{61B56F62-FA45-435F-AEEA-BABC3BF44191}.Debug|x64.Build.0 = Debug|x64
		{61B56F62-FA45-435F-AEEA-BABC3BF44191}.Debug|x86.ActiveCfg = Debug|Win32
		{61B56F62-FA45-435F-AEEA-BABC3BF44191}.Debug|x86.Build.0 = Debug|Win32
		{61B56F62-FA45-435F-AEEA-BABC3BF44191}.Release|x64.ActiveCfg = Release|x64
		{61B56F62-FA45-435F-AEEA-BABC3BF44191}.Release|x64.Build.0 = Release|x64
		{61B56F62-FA45-435F-AEEA-BABC3BF44191}.Release|x86.ActiveCfg = Release|Win32
		{61B56F62-FA45-435F-AEEA-BABC3BF44191}.Release|x86.Build.0 = Release|Win32
		{A276A32C-0E05-45AE-B1EE-59345D903784}.Debug|x64.ActiveCfg = Debug|x64
		{A276A32C-0E05-45AE-B1EE-59345D903784}.Debug|x64.Build.0 = Debug|x64
		{A276A32C-0E05-45AE-B1EE-59345D903784}.Debug|x86.ActiveCfg = Debug|Win32
		{A276A32C-0E05-45AE-B1EE-59345D903784}.Debug|x86.Build.0 = Debug|Win32
		{A276A32C-0E05-45AE-B1EE-59345D903784}.Release|x64.ActiveCfg = Release|x64
		{A276A32C-0E05-45AE-B1EE-59345D903784}.Release|x64.Build.0 = Release|x64
		{A276A32C-0E05-45AE-B1EE-59345D903784}.Release|x86.ActiveCfg = Release|Win32
		{A276A32C-0E05-45AE-B1EE-59345D903784}.Release|x86.Build.0 = Release|Win32
		{0BA73166-16D5-4DE5-BD04-038AAC08FE2F}.Debug|x64.ActiveCfg = Debug|x64
		{0BA73166-16D5-4DE5-BD04-038AAC08FE2F}.Debug|x64.Build.0 = Debug|x64
		{0BA73166-16D5-4DE5-BD04-038AAC08FE2F}.Debug|x86.ActiveCfg = Debug|Win32
		{0BA73166-16D5-4DE5-BD04-038AAC08FE2F}.Debug|x86.Build.0 = Debug|Win32
		{0BA73166-16D5-4DE5-BD04-038AAC08FE2F}.Release|x64.ActiveCfg = Release|x64
		{0BA73166-16D5-4DE5-BD04-038AAC08FE2F}.Release|x64.Build.0 = Release|x64
		{0BA73166-16D5-4DE5-BD04-038AAC08FE2F}.Release|x86.ActiveCfg = Release|Win32
		{0BA73166-16D5-4DE5-BD04-038AAC08FE2F}.Release|x86.Build.0 = Release|Win32
		{01223B88-A95D-4CF1-90A3-8B3699AC8A03}.Debug|x64.ActiveCfg = Debug|x64
		{01223B88-A95D-4CF1-90A3-8B3699AC8A03}.Debug|x64.Build.0 = Debug|x64
		{01223B88-A95D-4CF1-90A3-8B3699AC8A03}.Debug|x86.ActiveCfg = Debug|Win32
		{01223B88-A95D-4CF1-90A3-8B3699AC8A03}.Debug|x86.Build.0 = Debug|Win32
		{01223B88-A95D-4CF1-90A3-8B3699AC8A03}.Release|x64.ActiveCfg = Release|x64
		{01223B88-A95D-4CF1-90A3-8B3699AC8A03}.Release|x64.Build.0 = Release|x64
		{01223B88-A95D-4CF1-90A3-8B3699AC8A03}.Release|x86.ActiveCfg = Release|Win32
		{01223B88-A95D-4CF1-90A3-8B3699AC8A03}.Release|x86.Build.0 = Release|Win32
		{4BB8A639-6BAD-475B-A7D7-0D62992A239A}.Debug|x64.ActiveCfg = Debug|x64
		{4BB8A639-6BAD-475B-A7D7-0D62992A239A}.Debug|x64.Build.0 = Debug|x64
		{4BB8A639-6BAD-475B-A7D7-0D62992A239A}.Debug|x86.ActiveCfg = Debug|Win32
		{4BB8A639-6BAD-475B-A7D7-0D62992A239A}.Debug|x86.Build.0 = Debug|Win32
		{4BB8A639-6BAD-475B-A7D7-0D62992A239A}.Release|x64.ActiveCfg = Release|x64
		{4BB8A639-6BAD-475B-A7D7-0D62992A239A}.Release|x64.Build.0 = Release|x64
		{4BB8A639-6BAD-475B-A7D7-0D62992A239A}.Release|x86.ActiveCfg = Release|Win32
		{4BB8A639-6BAD-475B-A7D7-0D62992A239A}.Release|x86.Build.0 = Release|Win32
		{457A041E-35FC-4DBE-BF78-151AA50522C5}.Debug|x64.ActiveCfg = Debug|x64
		{457A041E-35FC-4DBE-BF78-151AA50522C5}.Debug|x64.Build.0 = Debug|x64
		{457A041E-35FC-4DBE-BF78-151AA50522C5}.Debug|x86.ActiveCfg = Debug|Win32
		{457A041E-35FC-4DBE-BF78-151AA50522C5}.Debug|x86.Build.0 = Debug|Win32
		{457A041E-35FC-4DBE-BF78-151AA50522C5}.Release|x64.ActiveCfg = Release|x64
		{457A041E-35FC-4DBE-BF78-151AA50522C5}.Release|x64.Build.0 = Release|x64
		{457A041E-35FC-4DBE-BF78-151AA50522C5}.Release|x86.ActiveCfg = Release|Win32
		{457A041E-35FC-4DBE-BF78-151AA50522C5}.Release|x86.Build.0 = Release|Win32
		{6DCE8D55-6A41-4182-A01C-993616851464}.Debug|x64.ActiveCfg = Debug|x64
		{6DCE8D55-6A41-4182-A01C-993616851464}.Debug|x64.Build.0 = Debug|x64
		{6DCE8D55-6A41-4182-A01C-993616851464}.Debug|x86.ActiveCfg = Debug|Win32
		{6DCE8D55-6A41-4182-A01C-993616851464}.Debug|x86.Build.0 = Debug|Win32
		{6DCE8D55-6A41-4182-A01C-993616851464}.Release|x64.ActiveCfg = Release|x64
		{6DCE8D55-6A41-4182-A01C-993616851464}.Release|x64.Build.0 = Release|x64
		{6DCE8D55-6A41-4182-A01C-993616851464}.Release|x86.ActiveCfg = Release|Win32
		{6DCE8D55-6A41-4182-A01C-993616851464}.Release|x86.Build.0 = Release|Win32
	EndGlobalSection
	GlobalSection(SolutionProperties) = preSolution
		HideSolutionNode = FALSE
	EndGlobalSection
	GlobalSection(ExtensibilityGlobals) = postSolution
		SolutionGuid = {89C68888-7921-4EA7-9407-5B5CCB3893A4}
	EndGlobalSection
EndGlobal
