
Microsoft Visual Studio Solution File, Format Version 12.00
# Visual Studio Version 17
VisualStudioVersion = 17.13.35828.75
MinimumVisualStudioVersion = 10.0.40219.1
Project("{8BC9CEB8-8B4A-11D0-8D11-00A0C91BC942}") = "Assignment0601", "Assignment0601\Assignment0601.vcxproj", "{FF55EE2A-D61D-4C93-BA38-653DFC5CD003}"
EndProject
Project("{8BC9CEB8-8B4A-11D0-8D11-00A0C91BC942}") = "Assignment0602", "Assignment0602\Assignment0602.vcxproj", "{54592A6D-169E-4B80-9DC5-8F618999CA6E}"
EndProject
Project("{8BC9CEB8-8B4A-11D0-8D11-00A0C91BC942}") = "Assignment0603", "Assignment0603\Assignment0603.vcxproj", "{8E796237-D734-44CF-887A-FCD15CB363E5}"
EndProject
Project("{8BC9CEB8-8B4A-11D0-8D11-00A0C91BC942}") = "Assignment0604", "Assignment0604\Assignment0604.vcxproj", "{31E5C1F5-D8B1-419F-B17E-9A28C7C0DF4E}"
EndProject
Project("{8BC9CEB8-8B4A-11D0-8D11-00A0C91BC942}") = "Assignment0605", "Assignment0605\Assignment0605.vcxproj", "{18ACDDD2-FF31-4424-A3C7-3D5A42EE68C5}"
EndProject
Project("{8BC9CEB8-8B4A-11D0-8D11-00A0C91BC942}") = "Assignment0606", "Assignment0606\Assignment0606.vcxproj", "{3AD6FE34-63FE-4C12-9C3D-99BB10F758FD}"
EndProject
Project("{8BC9CEB8-8B4A-11D0-8D11-00A0C91BC942}") = "Assignment0607", "Assignment0607\Assignment0607.vcxproj", "{87EC4BD1-E2B7-4367-8D01-8B08A06B3D10}"
EndProject
Project("{8BC9CEB8-8B4A-11D0-8D11-00A0C91BC942}") = "Assignment0608", "Assignment0608\Assignment0608.vcxproj", "{5D5F869A-8777-4F6A-899B-4DADBD590311}"
EndProject
Project("{8BC9CEB8-8B4A-11D0-8D11-00A0C91BC942}") = "Assignment0609", "Assignment0609\Assignment0609.vcxproj", "{9516B58A-A3D7-4F7C-898F-A78B655A7CE9}"
EndProject
Project("{8BC9CEB8-8B4A-11D0-8D11-00A0C91BC942}") = "Assignment0610", "Assignment0610\Assignment0610.vcxproj", "{DAD62258-81FF-4A0D-BA40-2A3D38146CD1}"
EndProject
Global
	GlobalSection(SolutionConfigurationPlatforms) = preSolution
		Debug|x64 = Debug|x64
		Debug|x86 = Debug|x86
		Release|x64 = Release|x64
		Release|x86 = Release|x86
	EndGlobalSection
	GlobalSection(ProjectConfigurationPlatforms) = postSolution
		{FF55EE2A-D61D-4C93-BA38-653DFC5CD003}.Debug|x64.ActiveCfg = Debug|x64
		{FF55EE2A-D61D-4C93-BA38-653DFC5CD003}.Debug|x64.Build.0 = Debug|x64
		{FF55EE2A-D61D-4C93-BA38-653DFC5CD003}.Debug|x86.ActiveCfg = Debug|Win32
		{FF55EE2A-D61D-4C93-BA38-653DFC5CD003}.Debug|x86.Build.0 = Debug|Win32
		{FF55EE2A-D61D-4C93-BA38-653DFC5CD003}.Release|x64.ActiveCfg = Release|x64
		{FF55EE2A-D61D-4C93-BA38-653DFC5CD003}.Release|x64.Build.0 = Release|x64
		{FF55EE2A-D61D-4C93-BA38-653DFC5CD003}.Release|x86.ActiveCfg = Release|Win32
		{FF55EE2A-D61D-4C93-BA38-653DFC5CD003}.Release|x86.Build.0 = Release|Win32
		{54592A6D-169E-4B80-9DC5-8F618999CA6E}.Debug|x64.ActiveCfg = Debug|x64
		{54592A6D-169E-4B80-9DC5-8F618999CA6E}.Debug|x64.Build.0 = Debug|x64
		{54592A6D-169E-4B80-9DC5-8F618999CA6E}.Debug|x86.ActiveCfg = Debug|Win32
		{54592A6D-169E-4B80-9DC5-8F618999CA6E}.Debug|x86.Build.0 = Debug|Win32
		{54592A6D-169E-4B80-9DC5-8F618999CA6E}.Release|x64.ActiveCfg = Release|x64
		{54592A6D-169E-4B80-9DC5-8F618999CA6E}.Release|x64.Build.0 = Release|x64
		{54592A6D-169E-4B80-9DC5-8F618999CA6E}.Release|x86.ActiveCfg = Release|Win32
		{54592A6D-169E-4B80-9DC5-8F618999CA6E}.Release|x86.Build.0 = Release|Win32
		{8E796237-D734-44CF-887A-FCD15CB363E5}.Debug|x64.ActiveCfg = Debug|x64
		{8E796237-D734-44CF-887A-FCD15CB363E5}.Debug|x64.Build.0 = Debug|x64
		{8E796237-D734-44CF-887A-FCD15CB363E5}.Debug|x86.ActiveCfg = Debug|Win32
		{8E796237-D734-44CF-887A-FCD15CB363E5}.Debug|x86.Build.0 = Debug|Win32
		{8E796237-D734-44CF-887A-FCD15CB363E5}.Release|x64.ActiveCfg = Release|x64
		{8E796237-D734-44CF-887A-FCD15CB363E5}.Release|x64.Build.0 = Release|x64
		{8E796237-D734-44CF-887A-FCD15CB363E5}.Release|x86.ActiveCfg = Release|Win32
		{8E796237-D734-44CF-887A-FCD15CB363E5}.Release|x86.Build.0 = Release|Win32
		{31E5C1F5-D8B1-419F-B17E-9A28C7C0DF4E}.Debug|x64.ActiveCfg = Debug|x64
		{31E5C1F5-D8B1-419F-B17E-9A28C7C0DF4E}.Debug|x64.Build.0 = Debug|x64
		{31E5C1F5-D8B1-419F-B17E-9A28C7C0DF4E}.Debug|x86.ActiveCfg = Debug|Win32
		{31E5C1F5-D8B1-419F-B17E-9A28C7C0DF4E}.Debug|x86.Build.0 = Debug|Win32
		{31E5C1F5-D8B1-419F-B17E-9A28C7C0DF4E}.Release|x64.ActiveCfg = Release|x64
		{31E5C1F5-D8B1-419F-B17E-9A28C7C0DF4E}.Release|x64.Build.0 = Release|x64
		{31E5C1F5-D8B1-419F-B17E-9A28C7C0DF4E}.Release|x86.ActiveCfg = Release|Win32
		{31E5C1F5-D8B1-419F-B17E-9A28C7C0DF4E}.Release|x86.Build.0 = Release|Win32
		{18ACDDD2-FF31-4424-A3C7-3D5A42EE68C5}.Debug|x64.ActiveCfg = Debug|x64
		{18ACDDD2-FF31-4424-A3C7-3D5A42EE68C5}.Debug|x64.Build.0 = Debug|x64
		{18ACDDD2-FF31-4424-A3C7-3D5A42EE68C5}.Debug|x86.ActiveCfg = Debug|Win32
		{18ACDDD2-FF31-4424-A3C7-3D5A42EE68C5}.Debug|x86.Build.0 = Debug|Win32
		{18ACDDD2-FF31-4424-A3C7-3D5A42EE68C5}.Release|x64.ActiveCfg = Release|x64
		{18ACDDD2-FF31-4424-A3C7-3D5A42EE68C5}.Release|x64.Build.0 = Release|x64
		{18ACDDD2-FF31-4424-A3C7-3D5A42EE68C5}.Release|x86.ActiveCfg = Release|Win32
		{18ACDDD2-FF31-4424-A3C7-3D5A42EE68C5}.Release|x86.Build.0 = Release|Win32
		{3AD6FE34-63FE-4C12-9C3D-99BB10F758FD}.Debug|x64.ActiveCfg = Debug|x64
		{3AD6FE34-63FE-4C12-9C3D-99BB10F758FD}.Debug|x64.Build.0 = Debug|x64
		{3AD6FE34-63FE-4C12-9C3D-99BB10F758FD}.Debug|x86.ActiveCfg = Debug|Win32
		{3AD6FE34-63FE-4C12-9C3D-99BB10F758FD}.Debug|x86.Build.0 = Debug|Win32
		{3AD6FE34-63FE-4C12-9C3D-99BB10F758FD}.Release|x64.ActiveCfg = Release|x64
		{3AD6FE34-63FE-4C12-9C3D-99BB10F758FD}.Release|x64.Build.0 = Release|x64
		{3AD6FE34-63FE-4C12-9C3D-99BB10F758FD}.Release|x86.ActiveCfg = Release|Win32
		{3AD6FE34-63FE-4C12-9C3D-99BB10F758FD}.Release|x86.Build.0 = Release|Win32
		{87EC4BD1-E2B7-4367-8D01-8B08A06B3D10}.Debug|x64.ActiveCfg = Debug|x64
		{87EC4BD1-E2B7-4367-8D01-8B08A06B3D10}.Debug|x64.Build.0 = Debug|x64
		{87EC4BD1-E2B7-4367-8D01-8B08A06B3D10}.Debug|x86.ActiveCfg = Debug|Win32
		{87EC4BD1-E2B7-4367-8D01-8B08A06B3D10}.Debug|x86.Build.0 = Debug|Win32
		{87EC4BD1-E2B7-4367-8D01-8B08A06B3D10}.Release|x64.ActiveCfg = Release|x64
		{87EC4BD1-E2B7-4367-8D01-8B08A06B3D10}.Release|x64.Build.0 = Release|x64
		{87EC4BD1-E2B7-4367-8D01-8B08A06B3D10}.Release|x86.ActiveCfg = Release|Win32
		{87EC4BD1-E2B7-4367-8D01-8B08A06B3D10}.Release|x86.Build.0 = Release|Win32
		{5D5F869A-8777-4F6A-899B-4DADBD590311}.Debug|x64.ActiveCfg = Debug|x64
		{5D5F869A-8777-4F6A-899B-4DADBD590311}.Debug|x64.Build.0 = Debug|x64
		{5D5F869A-8777-4F6A-899B-4DADBD590311}.Debug|x86.ActiveCfg = Debug|Win32
		{5D5F869A-8777-4F6A-899B-4DADBD590311}.Debug|x86.Build.0 = Debug|Win32
		{5D5F869A-8777-4F6A-899B-4DADBD590311}.Release|x64.ActiveCfg = Release|x64
		{5D5F869A-8777-4F6A-899B-4DADBD590311}.Release|x64.Build.0 = Release|x64
		{5D5F869A-8777-4F6A-899B-4DADBD590311}.Release|x86.ActiveCfg = Release|Win32
		{5D5F869A-8777-4F6A-899B-4DADBD590311}.Release|x86.Build.0 = Release|Win32
		{9516B58A-A3D7-4F7C-898F-A78B655A7CE9}.Debug|x64.ActiveCfg = Debug|x64
		{9516B58A-A3D7-4F7C-898F-A78B655A7CE9}.Debug|x64.Build.0 = Debug|x64
		{9516B58A-A3D7-4F7C-898F-A78B655A7CE9}.Debug|x86.ActiveCfg = Debug|Win32
		{9516B58A-A3D7-4F7C-898F-A78B655A7CE9}.Debug|x86.Build.0 = Debug|Win32
		{9516B58A-A3D7-4F7C-898F-A78B655A7CE9}.Release|x64.ActiveCfg = Release|x64
		{9516B58A-A3D7-4F7C-898F-A78B655A7CE9}.Release|x64.Build.0 = Release|x64
		{9516B58A-A3D7-4F7C-898F-A78B655A7CE9}.Release|x86.ActiveCfg = Release|Win32
		{9516B58A-A3D7-4F7C-898F-A78B655A7CE9}.Release|x86.Build.0 = Release|Win32
		{DAD62258-81FF-4A0D-BA40-2A3D38146CD1}.Debug|x64.ActiveCfg = Debug|x64
		{DAD62258-81FF-4A0D-BA40-2A3D38146CD1}.Debug|x64.Build.0 = Debug|x64
		{DAD62258-81FF-4A0D-BA40-2A3D38146CD1}.Debug|x86.ActiveCfg = Debug|Win32
		{DAD62258-81FF-4A0D-BA40-2A3D38146CD1}.Debug|x86.Build.0 = Debug|Win32
		{DAD62258-81FF-4A0D-BA40-2A3D38146CD1}.Release|x64.ActiveCfg = Release|x64
		{DAD62258-81FF-4A0D-BA40-2A3D38146CD1}.Release|x64.Build.0 = Release|x64
		{DAD62258-81FF-4A0D-BA40-2A3D38146CD1}.Release|x86.ActiveCfg = Release|Win32
		{DAD62258-81FF-4A0D-BA40-2A3D38146CD1}.Release|x86.Build.0 = Release|Win32
	EndGlobalSection
	GlobalSection(SolutionProperties) = preSolution
		HideSolutionNode = FALSE
	EndGlobalSection
	GlobalSection(ExtensibilityGlobals) = postSolution
		SolutionGuid = {AF65B4AA-70A0-4E7C-93D0-4A755BB61015}
	EndGlobalSection
EndGlobal
