
Microsoft Visual Studio Solution File, Format Version 12.00
# Visual Studio Version 17
VisualStudioVersion = 17.13.35828.75
MinimumVisualStudioVersion = 10.0.40219.1
Project("{8BC9CEB8-8B4A-11D0-8D11-00A0C91BC942}") = "Assignment0601", "Assignment0601\Assignment0601.vcxproj", "{FF55EE2A-D61D-4C93-BA38-653DFC5CD003}"
EndProject
Project("{8BC9CEB8-8B4A-11D0-8D11-00A0C91BC942}") = "Assignment0602", "Assignment0602\Assignment0602.vcxproj", "{54592A6D-169E-4B80-9DC5-8F618999CA6E}"
EndProject
Project("{8BC9CEB8-8B4A-11D0-8D11-00A0C91BC942}") = "Assignment0603", "Assignment0603\Assignment0603.vcxproj", "{8E796237-D734-44CF-887A-FCD15CB363E5}"
EndProject
Project("{8BC9CEB8-8B4A-11D0-8D11-00A0C91BC942}") = "Assignment0604", "Assignment0604\Assignment0604.vcxproj", "{31E5C1F5-D8B1-419F-B17E-9A28C7C0DF4E}"
EndProject
Project("{8BC9CEB8-8B4A-11D0-8D11-00A0C91BC942}") = "Assignment0605", "Assignment0605\Assignment0605.vcxproj", "{18ACDDD2-FF31-4424-A3C7-3D5A42EE68C5}"
EndProject
Project("{8BC9CEB8-8B4A-11D0-8D11-00A0C91BC942}") = "Assignment0606", "Assignment0606\Assignment0606.vcxproj", "{3AD6FE34-63FE-4C12-9C3D-99BB10F758FD}"
EndProject
Project("{8BC9CEB8-8B4A-11D0-8D11-00A0C91BC942}") = "Assignment0607", "Assignment0607\Assignment0607.vcxproj", "{87EC4BD1-E2B7-4367-8D01-8B08A06B3D10}"
EndProject
Project("{8BC9CEB8-8B4A-11D0-8D11-00A0C91BC942}") = "Assignment0608", "Assignment0608\Assignment0608.vcxproj", "{5D5F869A-8777-4F6A-899B-4DADBD590311}"
EndProject
Project("{8BC9CEB8-8B4A-11D0-8D11-00A0C91BC942}") = "Assignment0609", "Assignment0609\Assignment0609.vcxproj", "{9516B58A-A3D7-4F7C-898F-A78B655A7CE9}"
EndProject
Project("{8BC9CEB8-8B4A-11D0-8D11-00A0C91BC942}") = "Assignment0610", "Assignment0610\Assignment0610.vcxproj", "{DAD62258-81FF-4A0D-BA40-2A3D38146CD1}"
EndProject
Project("{8BC9CEB8-8B4A-11D0-8D11-00A0C91BC942}") = "Assignment0611", "Assignment0611\Assignment0611.vcxproj", "{3342CA1F-8369-4727-9DE8-E19A61B680BE}"
EndProject
Project("{8BC9CEB8-8B4A-11D0-8D11-00A0C91BC942}") = "Assignment0612", "Assignment0612\Assignment0612.vcxproj", "{443BB84A-9DCB-4BFB-94C8-91A7592480DB}"
EndProject
Project("{8BC9CEB8-8B4A-11D0-8D11-00A0C91BC942}") = "Assignment0613", "Assignment0613\Assignment0613.vcxproj", "{CBB2B524-2107-4F8F-A94D-234140EA3543}"
EndProject
Project("{8BC9CEB8-8B4A-11D0-8D11-00A0C91BC942}") = "Assignment0614", "Assignment0614\Assignment0614.vcxproj", "{806DC870-B84F-4505-978C-D52BED5933D2}"
EndProject
Project("{8BC9CEB8-8B4A-11D0-8D11-00A0C91BC942}") = "Assignment0615", "Assignment0615\Assignment0615.vcxproj", "{2EFFA3D6-1796-43E3-896E-4AFA081410AF}"
EndProject
Project("{8BC9CEB8-8B4A-11D0-8D11-00A0C91BC942}") = "Assignment0616", "Assignment0616\Assignment0616.vcxproj", "{212C9C5C-3CFE-4E4F-9C8B-D410A1EC9546}"
EndProject
Project("{8BC9CEB8-8B4A-11D0-8D11-00A0C91BC942}") = "Assignment0617", "Assignment0617\Assignment0617.vcxproj", "{86837BCA-DFB5-4DA7-9DD6-6EE3CA4D21E8}"
EndProject
Project("{8BC9CEB8-8B4A-11D0-8D11-00A0C91BC942}") = "Assignment0618", "Assignment0618\Assignment0618.vcxproj", "{4ECDC385-F102-4C03-A923-95739DD27BAE}"
EndProject
Project("{8BC9CEB8-8B4A-11D0-8D11-00A0C91BC942}") = "Assignment0619", "Assignment0619\Assignment0619.vcxproj", "{D280D40A-B442-45CF-8BC9-BA8A46AF1FF9}"
EndProject
Project("{8BC9CEB8-8B4A-11D0-8D11-00A0C91BC942}") = "Assignment0620", "Assignment0620\Assignment0620.vcxproj", "{1987580B-9187-489B-9945-41C52A2776F4}"
EndProject
Global
	GlobalSection(SolutionConfigurationPlatforms) = preSolution
		Debug|x64 = Debug|x64
		Debug|x86 = Debug|x86
		Release|x64 = Release|x64
		Release|x86 = Release|x86
	EndGlobalSection
	GlobalSection(ProjectConfigurationPlatforms) = postSolution
		{FF55EE2A-D61D-4C93-BA38-653DFC5CD003}.Debug|x64.ActiveCfg = Debug|x64
		{FF55EE2A-D61D-4C93-BA38-653DFC5CD003}.Debug|x64.Build.0 = Debug|x64
		{FF55EE2A-D61D-4C93-BA38-653DFC5CD003}.Debug|x86.ActiveCfg = Debug|Win32
		{FF55EE2A-D61D-4C93-BA38-653DFC5CD003}.Debug|x86.Build.0 = Debug|Win32
		{FF55EE2A-D61D-4C93-BA38-653DFC5CD003}.Release|x64.ActiveCfg = Release|x64
		{FF55EE2A-D61D-4C93-BA38-653DFC5CD003}.Release|x64.Build.0 = Release|x64
		{FF55EE2A-D61D-4C93-BA38-653DFC5CD003}.Release|x86.ActiveCfg = Release|Win32
		{FF55EE2A-D61D-4C93-BA38-653DFC5CD003}.Release|x86.Build.0 = Release|Win32
		{54592A6D-169E-4B80-9DC5-8F618999CA6E}.Debug|x64.ActiveCfg = Debug|x64
		{54592A6D-169E-4B80-9DC5-8F618999CA6E}.Debug|x64.Build.0 = Debug|x64
		{54592A6D-169E-4B80-9DC5-8F618999CA6E}.Debug|x86.ActiveCfg = Debug|Win32
		{54592A6D-169E-4B80-9DC5-8F618999CA6E}.Debug|x86.Build.0 = Debug|Win32
		{54592A6D-169E-4B80-9DC5-8F618999CA6E}.Release|x64.ActiveCfg = Release|x64
		{54592A6D-169E-4B80-9DC5-8F618999CA6E}.Release|x64.Build.0 = Release|x64
		{54592A6D-169E-4B80-9DC5-8F618999CA6E}.Release|x86.ActiveCfg = Release|Win32
		{54592A6D-169E-4B80-9DC5-8F618999CA6E}.Release|x86.Build.0 = Release|Win32
		{8E796237-D734-44CF-887A-FCD15CB363E5}.Debug|x64.ActiveCfg = Debug|x64
		{8E796237-D734-44CF-887A-FCD15CB363E5}.Debug|x64.Build.0 = Debug|x64
		{8E796237-D734-44CF-887A-FCD15CB363E5}.Debug|x86.ActiveCfg = Debug|Win32
		{8E796237-D734-44CF-887A-FCD15CB363E5}.Debug|x86.Build.0 = Debug|Win32
		{8E796237-D734-44CF-887A-FCD15CB363E5}.Release|x64.ActiveCfg = Release|x64
		{8E796237-D734-44CF-887A-FCD15CB363E5}.Release|x64.Build.0 = Release|x64
		{8E796237-D734-44CF-887A-FCD15CB363E5}.Release|x86.ActiveCfg = Release|Win32
		{8E796237-D734-44CF-887A-FCD15CB363E5}.Release|x86.Build.0 = Release|Win32
		{31E5C1F5-D8B1-419F-B17E-9A28C7C0DF4E}.Debug|x64.ActiveCfg = Debug|x64
		{31E5C1F5-D8B1-419F-B17E-9A28C7C0DF4E}.Debug|x64.Build.0 = Debug|x64
		{31E5C1F5-D8B1-419F-B17E-9A28C7C0DF4E}.Debug|x86.ActiveCfg = Debug|Win32
		{31E5C1F5-D8B1-419F-B17E-9A28C7C0DF4E}.Debug|x86.Build.0 = Debug|Win32
		{31E5C1F5-D8B1-419F-B17E-9A28C7C0DF4E}.Release|x64.ActiveCfg = Release|x64
		{31E5C1F5-D8B1-419F-B17E-9A28C7C0DF4E}.Release|x64.Build.0 = Release|x64
		{31E5C1F5-D8B1-419F-B17E-9A28C7C0DF4E}.Release|x86.ActiveCfg = Release|Win32
		{31E5C1F5-D8B1-419F-B17E-9A28C7C0DF4E}.Release|x86.Build.0 = Release|Win32
		{18ACDDD2-FF31-4424-A3C7-3D5A42EE68C5}.Debug|x64.ActiveCfg = Debug|x64
		{18ACDDD2-FF31-4424-A3C7-3D5A42EE68C5}.Debug|x64.Build.0 = Debug|x64
		{18ACDDD2-FF31-4424-A3C7-3D5A42EE68C5}.Debug|x86.ActiveCfg = Debug|Win32
		{18ACDDD2-FF31-4424-A3C7-3D5A42EE68C5}.Debug|x86.Build.0 = Debug|Win32
		{18ACDDD2-FF31-4424-A3C7-3D5A42EE68C5}.Release|x64.ActiveCfg = Release|x64
		{18ACDDD2-FF31-4424-A3C7-3D5A42EE68C5}.Release|x64.Build.0 = Release|x64
		{18ACDDD2-FF31-4424-A3C7-3D5A42EE68C5}.Release|x86.ActiveCfg = Release|Win32
		{18ACDDD2-FF31-4424-A3C7-3D5A42EE68C5}.Release|x86.Build.0 = Release|Win32
		{3AD6FE34-63FE-4C12-9C3D-99BB10F758FD}.Debug|x64.ActiveCfg = Debug|x64
		{3AD6FE34-63FE-4C12-9C3D-99BB10F758FD}.Debug|x64.Build.0 = Debug|x64
		{3AD6FE34-63FE-4C12-9C3D-99BB10F758FD}.Debug|x86.ActiveCfg = Debug|Win32
		{3AD6FE34-63FE-4C12-9C3D-99BB10F758FD}.Debug|x86.Build.0 = Debug|Win32
		{3AD6FE34-63FE-4C12-9C3D-99BB10F758FD}.Release|x64.ActiveCfg = Release|x64
		{3AD6FE34-63FE-4C12-9C3D-99BB10F758FD}.Release|x64.Build.0 = Release|x64
		{3AD6FE34-63FE-4C12-9C3D-99BB10F758FD}.Release|x86.ActiveCfg = Release|Win32
		{3AD6FE34-63FE-4C12-9C3D-99BB10F758FD}.Release|x86.Build.0 = Release|Win32
		{87EC4BD1-E2B7-4367-8D01-8B08A06B3D10}.Debug|x64.ActiveCfg = Debug|x64
		{87EC4BD1-E2B7-4367-8D01-8B08A06B3D10}.Debug|x64.Build.0 = Debug|x64
		{87EC4BD1-E2B7-4367-8D01-8B08A06B3D10}.Debug|x86.ActiveCfg = Debug|Win32
		{87EC4BD1-E2B7-4367-8D01-8B08A06B3D10}.Debug|x86.Build.0 = Debug|Win32
		{87EC4BD1-E2B7-4367-8D01-8B08A06B3D10}.Release|x64.ActiveCfg = Release|x64
		{87EC4BD1-E2B7-4367-8D01-8B08A06B3D10}.Release|x64.Build.0 = Release|x64
		{87EC4BD1-E2B7-4367-8D01-8B08A06B3D10}.Release|x86.ActiveCfg = Release|Win32
		{87EC4BD1-E2B7-4367-8D01-8B08A06B3D10}.Release|x86.Build.0 = Release|Win32
		{5D5F869A-8777-4F6A-899B-4DADBD590311}.Debug|x64.ActiveCfg = Debug|x64
		{5D5F869A-8777-4F6A-899B-4DADBD590311}.Debug|x64.Build.0 = Debug|x64
		{5D5F869A-8777-4F6A-899B-4DADBD590311}.Debug|x86.ActiveCfg = Debug|Win32
		{5D5F869A-8777-4F6A-899B-4DADBD590311}.Debug|x86.Build.0 = Debug|Win32
		{5D5F869A-8777-4F6A-899B-4DADBD590311}.Release|x64.ActiveCfg = Release|x64
		{5D5F869A-8777-4F6A-899B-4DADBD590311}.Release|x64.Build.0 = Release|x64
		{5D5F869A-8777-4F6A-899B-4DADBD590311}.Release|x86.ActiveCfg = Release|Win32
		{5D5F869A-8777-4F6A-899B-4DADBD590311}.Release|x86.Build.0 = Release|Win32
		{9516B58A-A3D7-4F7C-898F-A78B655A7CE9}.Debug|x64.ActiveCfg = Debug|x64
		{9516B58A-A3D7-4F7C-898F-A78B655A7CE9}.Debug|x64.Build.0 = Debug|x64
		{9516B58A-A3D7-4F7C-898F-A78B655A7CE9}.Debug|x86.ActiveCfg = Debug|Win32
		{9516B58A-A3D7-4F7C-898F-A78B655A7CE9}.Debug|x86.Build.0 = Debug|Win32
		{9516B58A-A3D7-4F7C-898F-A78B655A7CE9}.Release|x64.ActiveCfg = Release|x64
		{9516B58A-A3D7-4F7C-898F-A78B655A7CE9}.Release|x64.Build.0 = Release|x64
		{9516B58A-A3D7-4F7C-898F-A78B655A7CE9}.Release|x86.ActiveCfg = Release|Win32
		{9516B58A-A3D7-4F7C-898F-A78B655A7CE9}.Release|x86.Build.0 = Release|Win32
		{DAD62258-81FF-4A0D-BA40-2A3D38146CD1}.Debug|x64.ActiveCfg = Debug|x64
		{DAD62258-81FF-4A0D-BA40-2A3D38146CD1}.Debug|x64.Build.0 = Debug|x64
		{DAD62258-81FF-4A0D-BA40-2A3D38146CD1}.Debug|x86.ActiveCfg = Debug|Win32
		{DAD62258-81FF-4A0D-BA40-2A3D38146CD1}.Debug|x86.Build.0 = Debug|Win32
		{DAD62258-81FF-4A0D-BA40-2A3D38146CD1}.Release|x64.ActiveCfg = Release|x64
		{DAD62258-81FF-4A0D-BA40-2A3D38146CD1}.Release|x64.Build.0 = Release|x64
		{DAD62258-81FF-4A0D-BA40-2A3D38146CD1}.Release|x86.ActiveCfg = Release|Win32
		{DAD62258-81FF-4A0D-BA40-2A3D38146CD1}.Release|x86.Build.0 = Release|Win32
		{3342CA1F-8369-4727-9DE8-E19A61B680BE}.Debug|x64.ActiveCfg = Debug|x64
		{3342CA1F-8369-4727-9DE8-E19A61B680BE}.Debug|x64.Build.0 = Debug|x64
		{3342CA1F-8369-4727-9DE8-E19A61B680BE}.Debug|x86.ActiveCfg = Debug|Win32
		{3342CA1F-8369-4727-9DE8-E19A61B680BE}.Debug|x86.Build.0 = Debug|Win32
		{3342CA1F-8369-4727-9DE8-E19A61B680BE}.Release|x64.ActiveCfg = Release|x64
		{3342CA1F-8369-4727-9DE8-E19A61B680BE}.Release|x64.Build.0 = Release|x64
		{3342CA1F-8369-4727-9DE8-E19A61B680BE}.Release|x86.ActiveCfg = Release|Win32
		{3342CA1F-8369-4727-9DE8-E19A61B680BE}.Release|x86.Build.0 = Release|Win32
		{443BB84A-9DCB-4BFB-94C8-91A7592480DB}.Debug|x64.ActiveCfg = Debug|x64
		{443BB84A-9DCB-4BFB-94C8-91A7592480DB}.Debug|x64.Build.0 = Debug|x64
		{443BB84A-9DCB-4BFB-94C8-91A7592480DB}.Debug|x86.ActiveCfg = Debug|Win32
		{443BB84A-9DCB-4BFB-94C8-91A7592480DB}.Debug|x86.Build.0 = Debug|Win32
		{443BB84A-9DCB-4BFB-94C8-91A7592480DB}.Release|x64.ActiveCfg = Release|x64
		{443BB84A-9DCB-4BFB-94C8-91A7592480DB}.Release|x64.Build.0 = Release|x64
		{443BB84A-9DCB-4BFB-94C8-91A7592480DB}.Release|x86.ActiveCfg = Release|Win32
		{443BB84A-9DCB-4BFB-94C8-91A7592480DB}.Release|x86.Build.0 = Release|Win32
		{CBB2B524-2107-4F8F-A94D-234140EA3543}.Debug|x64.ActiveCfg = Debug|x64
		{CBB2B524-2107-4F8F-A94D-234140EA3543}.Debug|x64.Build.0 = Debug|x64
		{CBB2B524-2107-4F8F-A94D-234140EA3543}.Debug|x86.ActiveCfg = Debug|Win32
		{CBB2B524-2107-4F8F-A94D-234140EA3543}.Debug|x86.Build.0 = Debug|Win32
		{CBB2B524-2107-4F8F-A94D-234140EA3543}.Release|x64.ActiveCfg = Release|x64
		{CBB2B524-2107-4F8F-A94D-234140EA3543}.Release|x64.Build.0 = Release|x64
		{CBB2B524-2107-4F8F-A94D-234140EA3543}.Release|x86.ActiveCfg = Release|Win32
		{CBB2B524-2107-4F8F-A94D-234140EA3543}.Release|x86.Build.0 = Release|Win32
		{806DC870-B84F-4505-978C-D52BED5933D2}.Debug|x64.ActiveCfg = Debug|x64
		{806DC870-B84F-4505-978C-D52BED5933D2}.Debug|x64.Build.0 = Debug|x64
		{806DC870-B84F-4505-978C-D52BED5933D2}.Debug|x86.ActiveCfg = Debug|Win32
		{806DC870-B84F-4505-978C-D52BED5933D2}.Debug|x86.Build.0 = Debug|Win32
		{806DC870-B84F-4505-978C-D52BED5933D2}.Release|x64.ActiveCfg = Release|x64
		{806DC870-B84F-4505-978C-D52BED5933D2}.Release|x64.Build.0 = Release|x64
		{806DC870-B84F-4505-978C-D52BED5933D2}.Release|x86.ActiveCfg = Release|Win32
		{806DC870-B84F-4505-978C-D52BED5933D2}.Release|x86.Build.0 = Release|Win32
		{2EFFA3D6-1796-43E3-896E-4AFA081410AF}.Debug|x64.ActiveCfg = Debug|x64
		{2EFFA3D6-1796-43E3-896E-4AFA081410AF}.Debug|x64.Build.0 = Debug|x64
		{2EFFA3D6-1796-43E3-896E-4AFA081410AF}.Debug|x86.ActiveCfg = Debug|Win32
		{2EFFA3D6-1796-43E3-896E-4AFA081410AF}.Debug|x86.Build.0 = Debug|Win32
		{2EFFA3D6-1796-43E3-896E-4AFA081410AF}.Release|x64.ActiveCfg = Release|x64
		{2EFFA3D6-1796-43E3-896E-4AFA081410AF}.Release|x64.Build.0 = Release|x64
		{2EFFA3D6-1796-43E3-896E-4AFA081410AF}.Release|x86.ActiveCfg = Release|Win32
		{2EFFA3D6-1796-43E3-896E-4AFA081410AF}.Release|x86.Build.0 = Release|Win32
		{212C9C5C-3CFE-4E4F-9C8B-D410A1EC9546}.Debug|x64.ActiveCfg = Debug|x64
		{212C9C5C-3CFE-4E4F-9C8B-D410A1EC9546}.Debug|x64.Build.0 = Debug|x64
		{212C9C5C-3CFE-4E4F-9C8B-D410A1EC9546}.Debug|x86.ActiveCfg = Debug|Win32
		{212C9C5C-3CFE-4E4F-9C8B-D410A1EC9546}.Debug|x86.Build.0 = Debug|Win32
		{212C9C5C-3CFE-4E4F-9C8B-D410A1EC9546}.Release|x64.ActiveCfg = Release|x64
		{212C9C5C-3CFE-4E4F-9C8B-D410A1EC9546}.Release|x64.Build.0 = Release|x64
		{212C9C5C-3CFE-4E4F-9C8B-D410A1EC9546}.Release|x86.ActiveCfg = Release|Win32
		{212C9C5C-3CFE-4E4F-9C8B-D410A1EC9546}.Release|x86.Build.0 = Release|Win32
		{86837BCA-DFB5-4DA7-9DD6-6EE3CA4D21E8}.Debug|x64.ActiveCfg = Debug|x64
		{86837BCA-DFB5-4DA7-9DD6-6EE3CA4D21E8}.Debug|x64.Build.0 = Debug|x64
		{86837BCA-DFB5-4DA7-9DD6-6EE3CA4D21E8}.Debug|x86.ActiveCfg = Debug|Win32
		{86837BCA-DFB5-4DA7-9DD6-6EE3CA4D21E8}.Debug|x86.Build.0 = Debug|Win32
		{86837BCA-DFB5-4DA7-9DD6-6EE3CA4D21E8}.Release|x64.ActiveCfg = Release|x64
		{86837BCA-DFB5-4DA7-9DD6-6EE3CA4D21E8}.Release|x64.Build.0 = Release|x64
		{86837BCA-DFB5-4DA7-9DD6-6EE3CA4D21E8}.Release|x86.ActiveCfg = Release|Win32
		{86837BCA-DFB5-4DA7-9DD6-6EE3CA4D21E8}.Release|x86.Build.0 = Release|Win32
		{4ECDC385-F102-4C03-A923-95739DD27BAE}.Debug|x64.ActiveCfg = Debug|x64
		{4ECDC385-F102-4C03-A923-95739DD27BAE}.Debug|x64.Build.0 = Debug|x64
		{4ECDC385-F102-4C03-A923-95739DD27BAE}.Debug|x86.ActiveCfg = Debug|Win32
		{4ECDC385-F102-4C03-A923-95739DD27BAE}.Debug|x86.Build.0 = Debug|Win32
		{4ECDC385-F102-4C03-A923-95739DD27BAE}.Release|x64.ActiveCfg = Release|x64
		{4ECDC385-F102-4C03-A923-95739DD27BAE}.Release|x64.Build.0 = Release|x64
		{4ECDC385-F102-4C03-A923-95739DD27BAE}.Release|x86.ActiveCfg = Release|Win32
		{4ECDC385-F102-4C03-A923-95739DD27BAE}.Release|x86.Build.0 = Release|Win32
		{D280D40A-B442-45CF-8BC9-BA8A46AF1FF9}.Debug|x64.ActiveCfg = Debug|x64
		{D280D40A-B442-45CF-8BC9-BA8A46AF1FF9}.Debug|x64.Build.0 = Debug|x64
		{D280D40A-B442-45CF-8BC9-BA8A46AF1FF9}.Debug|x86.ActiveCfg = Debug|Win32
		{D280D40A-B442-45CF-8BC9-BA8A46AF1FF9}.Debug|x86.Build.0 = Debug|Win32
		{D280D40A-B442-45CF-8BC9-BA8A46AF1FF9}.Release|x64.ActiveCfg = Release|x64
		{D280D40A-B442-45CF-8BC9-BA8A46AF1FF9}.Release|x64.Build.0 = Release|x64
		{D280D40A-B442-45CF-8BC9-BA8A46AF1FF9}.Release|x86.ActiveCfg = Release|Win32
		{D280D40A-B442-45CF-8BC9-BA8A46AF1FF9}.Release|x86.Build.0 = Release|Win32
		{1987580B-9187-489B-9945-41C52A2776F4}.Debug|x64.ActiveCfg = Debug|x64
		{1987580B-9187-489B-9945-41C52A2776F4}.Debug|x64.Build.0 = Debug|x64
		{1987580B-9187-489B-9945-41C52A2776F4}.Debug|x86.ActiveCfg = Debug|Win32
		{1987580B-9187-489B-9945-41C52A2776F4}.Debug|x86.Build.0 = Debug|Win32
		{1987580B-9187-489B-9945-41C52A2776F4}.Release|x64.ActiveCfg = Release|x64
		{1987580B-9187-489B-9945-41C52A2776F4}.Release|x64.Build.0 = Release|x64
		{1987580B-9187-489B-9945-41C52A2776F4}.Release|x86.ActiveCfg = Release|Win32
		{1987580B-9187-489B-9945-41C52A2776F4}.Release|x86.Build.0 = Release|Win32
	EndGlobalSection
	GlobalSection(SolutionProperties) = preSolution
		HideSolutionNode = FALSE
	EndGlobalSection
	GlobalSection(ExtensibilityGlobals) = postSolution
		SolutionGuid = {AF65B4AA-70A0-4E7C-93D0-4A755BB61015}
	EndGlobalSection
EndGlobal
