
Microsoft Visual Studio Solution File, Format Version 12.00
# Visual Studio Version 17
VisualStudioVersion = 17.14.36301.6
MinimumVisualStudioVersion = 10.0.40219.1
Project("{8BC9CEB8-8B4A-11D0-8D11-00A0C91BC942}") = "Assignment0801", "assignment0801\assignment0801.vcxproj", "{21EABE36-92AB-4518-81A0-80672D7DB839}"
EndProject
Project("{8BC9CEB8-8B4A-11D0-8D11-00A0C91BC942}") = "Assignment0802", "Assignment0802\Assignment0802.vcxproj", "{8FAB6A76-4FC9-48AF-8BF1-D4D06CD14D62}"
EndProject
Project("{8BC9CEB8-8B4A-11D0-8D11-00A0C91BC942}") = "Assignment0803", "Assignment0803\Assignment0803.vcxproj", "{AF3A7579-35DF-4767-A85E-0B4B26BF85A5}"
EndProject
Project("{8BC9CEB8-8B4A-11D0-8D11-00A0C91BC942}") = "Assignment0804", "Assignment0804\Assignment0804.vcxproj", "{9C708CB9-B8F3-4B9C-A617-27F76203875A}"
EndProject
Project("{8BC9CEB8-8B4A-11D0-8D11-00A0C91BC942}") = "Assignment0805", "Assignment0805\Assignment0805.vcxproj", "{2282E7A5-2F98-4AFE-A1D9-18D746DF3FC3}"
EndProject
Project("{8BC9CEB8-8B4A-11D0-8D11-00A0C91BC942}") = "Assignment0806", "Assignment0806\Assignment0806.vcxproj", "{82E8783B-930B-4900-8BC9-00E287D05409}"
EndProject
Project("{8BC9CEB8-8B4A-11D0-8D11-00A0C91BC942}") = "Assignment0807", "Assignment0807\Assignment0807.vcxproj", "{8DB2F6A9-796D-46A4-ADF5-6164ED4BB515}"
EndProject
Project("{8BC9CEB8-8B4A-11D0-8D11-00A0C91BC942}") = "Assignment0808", "Assignment0808\Assignment0808.vcxproj", "{198BB379-E03C-4690-BFA2-361F09CED72E}"
EndProject
Project("{8BC9CEB8-8B4A-11D0-8D11-00A0C91BC942}") = "Assignment0809", "Assignment0809\Assignment0809.vcxproj", "{DCE32190-EF91-40A4-B330-946C7E8D0C67}"
EndProject
Project("{8BC9CEB8-8B4A-11D0-8D11-00A0C91BC942}") = "Assignment0810", "Assignment0810\Assignment0810.vcxproj", "{E558DDD6-40B3-4AAE-9D40-D2791C69B6F7}"
EndProject
Project("{8BC9CEB8-8B4A-11D0-8D11-00A0C91BC942}") = "Assignment0811", "Assignment0811\Assignment0811.vcxproj", "{E478B078-38D6-47FD-BF5C-77FEA29D3671}"
EndProject
Project("{8BC9CEB8-8B4A-11D0-8D11-00A0C91BC942}") = "Assignment0812", "Assignment0812\Assignment0812.vcxproj", "{23F85F4B-C2AF-4B2F-BFD5-F2ED52DF789E}"
EndProject
Project("{8BC9CEB8-8B4A-11D0-8D11-00A0C91BC942}") = "Assignment0813", "Assignment0813\Assignment0813.vcxproj", "{5C78AE07-AD7D-490A-8571-62266D541E9E}"
EndProject
Project("{8BC9CEB8-8B4A-11D0-8D11-00A0C91BC942}") = "Assignment0814", "Assignment0814\Assignment0814.vcxproj", "{0AFB0C36-462D-4205-9FB6-6E251A0871ED}"
EndProject
Project("{8BC9CEB8-8B4A-11D0-8D11-00A0C91BC942}") = "Assignment0815", "Assignment0815\Assignment0815.vcxproj", "{BE8A718A-DF1F-4A4E-B0F4-E7B29A5AFCED}"
EndProject
Project("{8BC9CEB8-8B4A-11D0-8D11-00A0C91BC942}") = "Assignment0816", "Assignment0816\Assignment0816.vcxproj", "{A83C507A-A3C8-4664-B3D9-0C31B6C061AC}"
EndProject
Project("{8BC9CEB8-8B4A-11D0-8D11-00A0C91BC942}") = "Assignment0817", "Assignment0817\Assignment0817.vcxproj", "{296B3D88-E3DA-4AA9-A845-F4066DDE286C}"
EndProject
Project("{8BC9CEB8-8B4A-11D0-8D11-00A0C91BC942}") = "Assignment0818", "Assignment0818\Assignment0818.vcxproj", "{DB1E606F-8FDF-4E8B-99A3-7EF59B3B665E}"
EndProject
Global
	GlobalSection(SolutionConfigurationPlatforms) = preSolution
		Debug|x64 = Debug|x64
		Debug|x86 = Debug|x86
		Release|x64 = Release|x64
		Release|x86 = Release|x86
	EndGlobalSection
	GlobalSection(ProjectConfigurationPlatforms) = postSolution
		{21EABE36-92AB-4518-81A0-80672D7DB839}.Debug|x64.ActiveCfg = Debug|x64
		{21EABE36-92AB-4518-81A0-80672D7DB839}.Debug|x64.Build.0 = Debug|x64
		{21EABE36-92AB-4518-81A0-80672D7DB839}.Debug|x86.ActiveCfg = Debug|Win32
		{21EABE36-92AB-4518-81A0-80672D7DB839}.Debug|x86.Build.0 = Debug|Win32
		{21EABE36-92AB-4518-81A0-80672D7DB839}.Release|x64.ActiveCfg = Release|x64
		{21EABE36-92AB-4518-81A0-80672D7DB839}.Release|x64.Build.0 = Release|x64
		{21EABE36-92AB-4518-81A0-80672D7DB839}.Release|x86.ActiveCfg = Release|Win32
		{21EABE36-92AB-4518-81A0-80672D7DB839}.Release|x86.Build.0 = Release|Win32
		{8FAB6A76-4FC9-48AF-8BF1-D4D06CD14D62}.Debug|x64.ActiveCfg = Debug|x64
		{8FAB6A76-4FC9-48AF-8BF1-D4D06CD14D62}.Debug|x64.Build.0 = Debug|x64
		{8FAB6A76-4FC9-48AF-8BF1-D4D06CD14D62}.Debug|x86.ActiveCfg = Debug|Win32
		{8FAB6A76-4FC9-48AF-8BF1-D4D06CD14D62}.Debug|x86.Build.0 = Debug|Win32
		{8FAB6A76-4FC9-48AF-8BF1-D4D06CD14D62}.Release|x64.ActiveCfg = Release|x64
		{8FAB6A76-4FC9-48AF-8BF1-D4D06CD14D62}.Release|x64.Build.0 = Release|x64
		{8FAB6A76-4FC9-48AF-8BF1-D4D06CD14D62}.Release|x86.ActiveCfg = Release|Win32
		{8FAB6A76-4FC9-48AF-8BF1-D4D06CD14D62}.Release|x86.Build.0 = Release|Win32
		{AF3A7579-35DF-4767-A85E-0B4B26BF85A5}.Debug|x64.ActiveCfg = Debug|x64
		{AF3A7579-35DF-4767-A85E-0B4B26BF85A5}.Debug|x64.Build.0 = Debug|x64
		{AF3A7579-35DF-4767-A85E-0B4B26BF85A5}.Debug|x86.ActiveCfg = Debug|Win32
		{AF3A7579-35DF-4767-A85E-0B4B26BF85A5}.Debug|x86.Build.0 = Debug|Win32
		{AF3A7579-35DF-4767-A85E-0B4B26BF85A5}.Release|x64.ActiveCfg = Release|x64
		{AF3A7579-35DF-4767-A85E-0B4B26BF85A5}.Release|x64.Build.0 = Release|x64
		{AF3A7579-35DF-4767-A85E-0B4B26BF85A5}.Release|x86.ActiveCfg = Release|Win32
		{AF3A7579-35DF-4767-A85E-0B4B26BF85A5}.Release|x86.Build.0 = Release|Win32
		{9C708CB9-B8F3-4B9C-A617-27F76203875A}.Debug|x64.ActiveCfg = Debug|x64
		{9C708CB9-B8F3-4B9C-A617-27F76203875A}.Debug|x64.Build.0 = Debug|x64
		{9C708CB9-B8F3-4B9C-A617-27F76203875A}.Debug|x86.ActiveCfg = Debug|Win32
		{9C708CB9-B8F3-4B9C-A617-27F76203875A}.Debug|x86.Build.0 = Debug|Win32
		{9C708CB9-B8F3-4B9C-A617-27F76203875A}.Release|x64.ActiveCfg = Release|x64
		{9C708CB9-B8F3-4B9C-A617-27F76203875A}.Release|x64.Build.0 = Release|x64
		{9C708CB9-B8F3-4B9C-A617-27F76203875A}.Release|x86.ActiveCfg = Release|Win32
		{9C708CB9-B8F3-4B9C-A617-27F76203875A}.Release|x86.Build.0 = Release|Win32
		{2282E7A5-2F98-4AFE-A1D9-18D746DF3FC3}.Debug|x64.ActiveCfg = Debug|x64
		{2282E7A5-2F98-4AFE-A1D9-18D746DF3FC3}.Debug|x64.Build.0 = Debug|x64
		{2282E7A5-2F98-4AFE-A1D9-18D746DF3FC3}.Debug|x86.ActiveCfg = Debug|Win32
		{2282E7A5-2F98-4AFE-A1D9-18D746DF3FC3}.Debug|x86.Build.0 = Debug|Win32
		{2282E7A5-2F98-4AFE-A1D9-18D746DF3FC3}.Release|x64.ActiveCfg = Release|x64
		{2282E7A5-2F98-4AFE-A1D9-18D746DF3FC3}.Release|x64.Build.0 = Release|x64
		{2282E7A5-2F98-4AFE-A1D9-18D746DF3FC3}.Release|x86.ActiveCfg = Release|Win32
		{2282E7A5-2F98-4AFE-A1D9-18D746DF3FC3}.Release|x86.Build.0 = Release|Win32
		{82E8783B-930B-4900-8BC9-00E287D05409}.Debug|x64.ActiveCfg = Debug|x64
		{82E8783B-930B-4900-8BC9-00E287D05409}.Debug|x64.Build.0 = Debug|x64
		{82E8783B-930B-4900-8BC9-00E287D05409}.Debug|x86.ActiveCfg = Debug|Win32
		{82E8783B-930B-4900-8BC9-00E287D05409}.Debug|x86.Build.0 = Debug|Win32
		{82E8783B-930B-4900-8BC9-00E287D05409}.Release|x64.ActiveCfg = Release|x64
		{82E8783B-930B-4900-8BC9-00E287D05409}.Release|x64.Build.0 = Release|x64
		{82E8783B-930B-4900-8BC9-00E287D05409}.Release|x86.ActiveCfg = Release|Win32
		{82E8783B-930B-4900-8BC9-00E287D05409}.Release|x86.Build.0 = Release|Win32
		{8DB2F6A9-796D-46A4-ADF5-6164ED4BB515}.Debug|x64.ActiveCfg = Debug|x64
		{8DB2F6A9-796D-46A4-ADF5-6164ED4BB515}.Debug|x64.Build.0 = Debug|x64
		{8DB2F6A9-796D-46A4-ADF5-6164ED4BB515}.Debug|x86.ActiveCfg = Debug|Win32
		{8DB2F6A9-796D-46A4-ADF5-6164ED4BB515}.Debug|x86.Build.0 = Debug|Win32
		{8DB2F6A9-796D-46A4-ADF5-6164ED4BB515}.Release|x64.ActiveCfg = Release|x64
		{8DB2F6A9-796D-46A4-ADF5-6164ED4BB515}.Release|x64.Build.0 = Release|x64
		{8DB2F6A9-796D-46A4-ADF5-6164ED4BB515}.Release|x86.ActiveCfg = Release|Win32
		{8DB2F6A9-796D-46A4-ADF5-6164ED4BB515}.Release|x86.Build.0 = Release|Win32
		{198BB379-E03C-4690-BFA2-361F09CED72E}.Debug|x64.ActiveCfg = Debug|x64
		{198BB379-E03C-4690-BFA2-361F09CED72E}.Debug|x64.Build.0 = Debug|x64
		{198BB379-E03C-4690-BFA2-361F09CED72E}.Debug|x86.ActiveCfg = Debug|Win32
		{198BB379-E03C-4690-BFA2-361F09CED72E}.Debug|x86.Build.0 = Debug|Win32
		{198BB379-E03C-4690-BFA2-361F09CED72E}.Release|x64.ActiveCfg = Release|x64
		{198BB379-E03C-4690-BFA2-361F09CED72E}.Release|x64.Build.0 = Release|x64
		{198BB379-E03C-4690-BFA2-361F09CED72E}.Release|x86.ActiveCfg = Release|Win32
		{198BB379-E03C-4690-BFA2-361F09CED72E}.Release|x86.Build.0 = Release|Win32
		{DCE32190-EF91-40A4-B330-946C7E8D0C67}.Debug|x64.ActiveCfg = Debug|x64
		{DCE32190-EF91-40A4-B330-946C7E8D0C67}.Debug|x64.Build.0 = Debug|x64
		{DCE32190-EF91-40A4-B330-946C7E8D0C67}.Debug|x86.ActiveCfg = Debug|Win32
		{DCE32190-EF91-40A4-B330-946C7E8D0C67}.Debug|x86.Build.0 = Debug|Win32
		{DCE32190-EF91-40A4-B330-946C7E8D0C67}.Release|x64.ActiveCfg = Release|x64
		{DCE32190-EF91-40A4-B330-946C7E8D0C67}.Release|x64.Build.0 = Release|x64
		{DCE32190-EF91-40A4-B330-946C7E8D0C67}.Release|x86.ActiveCfg = Release|Win32
		{DCE32190-EF91-40A4-B330-946C7E8D0C67}.Release|x86.Build.0 = Release|Win32
		{E558DDD6-40B3-4AAE-9D40-D2791C69B6F7}.Debug|x64.ActiveCfg = Debug|x64
		{E558DDD6-40B3-4AAE-9D40-D2791C69B6F7}.Debug|x64.Build.0 = Debug|x64
		{E558DDD6-40B3-4AAE-9D40-D2791C69B6F7}.Debug|x86.ActiveCfg = Debug|Win32
		{E558DDD6-40B3-4AAE-9D40-D2791C69B6F7}.Debug|x86.Build.0 = Debug|Win32
		{E558DDD6-40B3-4AAE-9D40-D2791C69B6F7}.Release|x64.ActiveCfg = Release|x64
		{E558DDD6-40B3-4AAE-9D40-D2791C69B6F7}.Release|x64.Build.0 = Release|x64
		{E558DDD6-40B3-4AAE-9D40-D2791C69B6F7}.Release|x86.ActiveCfg = Release|Win32
		{E558DDD6-40B3-4AAE-9D40-D2791C69B6F7}.Release|x86.Build.0 = Release|Win32
		{E478B078-38D6-47FD-BF5C-77FEA29D3671}.Debug|x64.ActiveCfg = Debug|x64
		{E478B078-38D6-47FD-BF5C-77FEA29D3671}.Debug|x64.Build.0 = Debug|x64
		{E478B078-38D6-47FD-BF5C-77FEA29D3671}.Debug|x86.ActiveCfg = Debug|Win32
		{E478B078-38D6-47FD-BF5C-77FEA29D3671}.Debug|x86.Build.0 = Debug|Win32
		{E478B078-38D6-47FD-BF5C-77FEA29D3671}.Release|x64.ActiveCfg = Release|x64
		{E478B078-38D6-47FD-BF5C-77FEA29D3671}.Release|x64.Build.0 = Release|x64
		{E478B078-38D6-47FD-BF5C-77FEA29D3671}.Release|x86.ActiveCfg = Release|Win32
		{E478B078-38D6-47FD-BF5C-77FEA29D3671}.Release|x86.Build.0 = Release|Win32
		{23F85F4B-C2AF-4B2F-BFD5-F2ED52DF789E}.Debug|x64.ActiveCfg = Debug|x64
		{23F85F4B-C2AF-4B2F-BFD5-F2ED52DF789E}.Debug|x64.Build.0 = Debug|x64
		{23F85F4B-C2AF-4B2F-BFD5-F2ED52DF789E}.Debug|x86.ActiveCfg = Debug|Win32
		{23F85F4B-C2AF-4B2F-BFD5-F2ED52DF789E}.Debug|x86.Build.0 = Debug|Win32
		{23F85F4B-C2AF-4B2F-BFD5-F2ED52DF789E}.Release|x64.ActiveCfg = Release|x64
		{23F85F4B-C2AF-4B2F-BFD5-F2ED52DF789E}.Release|x64.Build.0 = Release|x64
		{23F85F4B-C2AF-4B2F-BFD5-F2ED52DF789E}.Release|x86.ActiveCfg = Release|Win32
		{23F85F4B-C2AF-4B2F-BFD5-F2ED52DF789E}.Release|x86.Build.0 = Release|Win32
		{5C78AE07-AD7D-490A-8571-62266D541E9E}.Debug|x64.ActiveCfg = Debug|x64
		{5C78AE07-AD7D-490A-8571-62266D541E9E}.Debug|x64.Build.0 = Debug|x64
		{5C78AE07-AD7D-490A-8571-62266D541E9E}.Debug|x86.ActiveCfg = Debug|Win32
		{5C78AE07-AD7D-490A-8571-62266D541E9E}.Debug|x86.Build.0 = Debug|Win32
		{5C78AE07-AD7D-490A-8571-62266D541E9E}.Release|x64.ActiveCfg = Release|x64
		{5C78AE07-AD7D-490A-8571-62266D541E9E}.Release|x64.Build.0 = Release|x64
		{5C78AE07-AD7D-490A-8571-62266D541E9E}.Release|x86.ActiveCfg = Release|Win32
		{5C78AE07-AD7D-490A-8571-62266D541E9E}.Release|x86.Build.0 = Release|Win32
		{0AFB0C36-462D-4205-9FB6-6E251A0871ED}.Debug|x64.ActiveCfg = Debug|x64
		{0AFB0C36-462D-4205-9FB6-6E251A0871ED}.Debug|x64.Build.0 = Debug|x64
		{0AFB0C36-462D-4205-9FB6-6E251A0871ED}.Debug|x86.ActiveCfg = Debug|Win32
		{0AFB0C36-462D-4205-9FB6-6E251A0871ED}.Debug|x86.Build.0 = Debug|Win32
		{0AFB0C36-462D-4205-9FB6-6E251A0871ED}.Release|x64.ActiveCfg = Release|x64
		{0AFB0C36-462D-4205-9FB6-6E251A0871ED}.Release|x64.Build.0 = Release|x64
		{0AFB0C36-462D-4205-9FB6-6E251A0871ED}.Release|x86.ActiveCfg = Release|Win32
		{0AFB0C36-462D-4205-9FB6-6E251A0871ED}.Release|x86.Build.0 = Release|Win32
		{BE8A718A-DF1F-4A4E-B0F4-E7B29A5AFCED}.Debug|x64.ActiveCfg = Debug|x64
		{BE8A718A-DF1F-4A4E-B0F4-E7B29A5AFCED}.Debug|x64.Build.0 = Debug|x64
		{BE8A718A-DF1F-4A4E-B0F4-E7B29A5AFCED}.Debug|x86.ActiveCfg = Debug|Win32
		{BE8A718A-DF1F-4A4E-B0F4-E7B29A5AFCED}.Debug|x86.Build.0 = Debug|Win32
		{BE8A718A-DF1F-4A4E-B0F4-E7B29A5AFCED}.Release|x64.ActiveCfg = Release|x64
		{BE8A718A-DF1F-4A4E-B0F4-E7B29A5AFCED}.Release|x64.Build.0 = Release|x64
		{BE8A718A-DF1F-4A4E-B0F4-E7B29A5AFCED}.Release|x86.ActiveCfg = Release|Win32
		{BE8A718A-DF1F-4A4E-B0F4-E7B29A5AFCED}.Release|x86.Build.0 = Release|Win32
		{A83C507A-A3C8-4664-B3D9-0C31B6C061AC}.Debug|x64.ActiveCfg = Debug|x64
		{A83C507A-A3C8-4664-B3D9-0C31B6C061AC}.Debug|x64.Build.0 = Debug|x64
		{A83C507A-A3C8-4664-B3D9-0C31B6C061AC}.Debug|x86.ActiveCfg = Debug|Win32
		{A83C507A-A3C8-4664-B3D9-0C31B6C061AC}.Debug|x86.Build.0 = Debug|Win32
		{A83C507A-A3C8-4664-B3D9-0C31B6C061AC}.Release|x64.ActiveCfg = Release|x64
		{A83C507A-A3C8-4664-B3D9-0C31B6C061AC}.Release|x64.Build.0 = Release|x64
		{A83C507A-A3C8-4664-B3D9-0C31B6C061AC}.Release|x86.ActiveCfg = Release|Win32
		{A83C507A-A3C8-4664-B3D9-0C31B6C061AC}.Release|x86.Build.0 = Release|Win32
		{296B3D88-E3DA-4AA9-A845-F4066DDE286C}.Debug|x64.ActiveCfg = Debug|x64
		{296B3D88-E3DA-4AA9-A845-F4066DDE286C}.Debug|x64.Build.0 = Debug|x64
		{296B3D88-E3DA-4AA9-A845-F4066DDE286C}.Debug|x86.ActiveCfg = Debug|Win32
		{296B3D88-E3DA-4AA9-A845-F4066DDE286C}.Debug|x86.Build.0 = Debug|Win32
		{296B3D88-E3DA-4AA9-A845-F4066DDE286C}.Release|x64.ActiveCfg = Release|x64
		{296B3D88-E3DA-4AA9-A845-F4066DDE286C}.Release|x64.Build.0 = Release|x64
		{296B3D88-E3DA-4AA9-A845-F4066DDE286C}.Release|x86.ActiveCfg = Release|Win32
		{296B3D88-E3DA-4AA9-A845-F4066DDE286C}.Release|x86.Build.0 = Release|Win32
		{DB1E606F-8FDF-4E8B-99A3-7EF59B3B665E}.Debug|x64.ActiveCfg = Debug|x64
		{DB1E606F-8FDF-4E8B-99A3-7EF59B3B665E}.Debug|x64.Build.0 = Debug|x64
		{DB1E606F-8FDF-4E8B-99A3-7EF59B3B665E}.Debug|x86.ActiveCfg = Debug|Win32
		{DB1E606F-8FDF-4E8B-99A3-7EF59B3B665E}.Debug|x86.Build.0 = Debug|Win32
		{DB1E606F-8FDF-4E8B-99A3-7EF59B3B665E}.Release|x64.ActiveCfg = Release|x64
		{DB1E606F-8FDF-4E8B-99A3-7EF59B3B665E}.Release|x64.Build.0 = Release|x64
		{DB1E606F-8FDF-4E8B-99A3-7EF59B3B665E}.Release|x86.ActiveCfg = Release|Win32
		{DB1E606F-8FDF-4E8B-99A3-7EF59B3B665E}.Release|x86.Build.0 = Release|Win32
	EndGlobalSection
	GlobalSection(SolutionProperties) = preSolution
		HideSolutionNode = FALSE
	EndGlobalSection
	GlobalSection(ExtensibilityGlobals) = postSolution
		SolutionGuid = {AF207144-8836-4112-9531-2B231482A194}
	EndGlobalSection
EndGlobal
