
Microsoft Visual Studio Solution File, Format Version 12.00
# Visual Studio Version 17
VisualStudioVersion = 17.13.35828.75 d17.13
MinimumVisualStudioVersion = 10.0.40219.1
Project("{8BC9CEB8-8B4A-11D0-8D11-00A0C91BC942}") = "Assignment0501", "Assignment0501\Assignment0501.vcxproj", "{8613FD25-9D33-44F3-B27C-2E7877A400FC}"
EndProject
Project("{8BC9CEB8-8B4A-11D0-8D11-00A0C91BC942}") = "Assignment0502", "Assignment0502\Assignment0502.vcxproj", "{9C3FBD32-C96A-4968-B1EE-DA2ED6512DAB}"
EndProject
Project("{8BC9CEB8-8B4A-11D0-8D11-00A0C91BC942}") = "Assignment0503", "Assignment0503\Assignment0503.vcxproj", "{B19692AE-B181-42E7-9450-666AFC121508}"
EndProject
Project("{8BC9CEB8-8B4A-11D0-8D11-00A0C91BC942}") = "Assignment0504", "Assignment0504\Assignment0504.vcxproj", "{057A3106-0722-4716-B50C-788AF24E0C72}"
EndProject
Project("{8BC9CEB8-8B4A-11D0-8D11-00A0C91BC942}") = "Assignment0505", "Assignment0505\Assignment0505.vcxproj", "{B6F8D82C-66D4-4415-A4B9-8F37B78A2255}"
EndProject
Project("{8BC9CEB8-8B4A-11D0-8D11-00A0C91BC942}") = "Assignment0506", "Assignment0506\Assignment0506.vcxproj", "{17200DCB-8B50-4AB0-B411-2133DC08E92A}"
EndProject
Project("{8BC9CEB8-8B4A-11D0-8D11-00A0C91BC942}") = "Assignment0507", "Assignment0507\Assignment0507.vcxproj", "{8DA88371-EF77-4B88-BC47-7A7F8EC9C167}"
EndProject
Project("{8BC9CEB8-8B4A-11D0-8D11-00A0C91BC942}") = "Assignment0508", "Assignment0508\Assignment0508.vcxproj", "{F3BFAA97-713B-4262-A67A-97EC5F57B53D}"
EndProject
Global
	GlobalSection(SolutionConfigurationPlatforms) = preSolution
		Debug|x64 = Debug|x64
		Debug|x86 = Debug|x86
		Release|x64 = Release|x64
		Release|x86 = Release|x86
	EndGlobalSection
	GlobalSection(ProjectConfigurationPlatforms) = postSolution
		{8613FD25-9D33-44F3-B27C-2E7877A400FC}.Debug|x64.ActiveCfg = Debug|x64
		{8613FD25-9D33-44F3-B27C-2E7877A400FC}.Debug|x64.Build.0 = Debug|x64
		{8613FD25-9D33-44F3-B27C-2E7877A400FC}.Debug|x86.ActiveCfg = Debug|Win32
		{8613FD25-9D33-44F3-B27C-2E7877A400FC}.Debug|x86.Build.0 = Debug|Win32
		{8613FD25-9D33-44F3-B27C-2E7877A400FC}.Release|x64.ActiveCfg = Release|x64
		{8613FD25-9D33-44F3-B27C-2E7877A400FC}.Release|x64.Build.0 = Release|x64
		{8613FD25-9D33-44F3-B27C-2E7877A400FC}.Release|x86.ActiveCfg = Release|Win32
		{8613FD25-9D33-44F3-B27C-2E7877A400FC}.Release|x86.Build.0 = Release|Win32
		{9C3FBD32-C96A-4968-B1EE-DA2ED6512DAB}.Debug|x64.ActiveCfg = Debug|x64
		{9C3FBD32-C96A-4968-B1EE-DA2ED6512DAB}.Debug|x64.Build.0 = Debug|x64
		{9C3FBD32-C96A-4968-B1EE-DA2ED6512DAB}.Debug|x86.ActiveCfg = Debug|Win32
		{9C3FBD32-C96A-4968-B1EE-DA2ED6512DAB}.Debug|x86.Build.0 = Debug|Win32
		{9C3FBD32-C96A-4968-B1EE-DA2ED6512DAB}.Release|x64.ActiveCfg = Release|x64
		{9C3FBD32-C96A-4968-B1EE-DA2ED6512DAB}.Release|x64.Build.0 = Release|x64
		{9C3FBD32-C96A-4968-B1EE-DA2ED6512DAB}.Release|x86.ActiveCfg = Release|Win32
		{9C3FBD32-C96A-4968-B1EE-DA2ED6512DAB}.Release|x86.Build.0 = Release|Win32
		{B19692AE-B181-42E7-9450-666AFC121508}.Debug|x64.ActiveCfg = Debug|x64
		{B19692AE-B181-42E7-9450-666AFC121508}.Debug|x64.Build.0 = Debug|x64
		{B19692AE-B181-42E7-9450-666AFC121508}.Debug|x86.ActiveCfg = Debug|Win32
		{B19692AE-B181-42E7-9450-666AFC121508}.Debug|x86.Build.0 = Debug|Win32
		{B19692AE-B181-42E7-9450-666AFC121508}.Release|x64.ActiveCfg = Release|x64
		{B19692AE-B181-42E7-9450-666AFC121508}.Release|x64.Build.0 = Release|x64
		{B19692AE-B181-42E7-9450-666AFC121508}.Release|x86.ActiveCfg = Release|Win32
		{B19692AE-B181-42E7-9450-666AFC121508}.Release|x86.Build.0 = Release|Win32
		{057A3106-0722-4716-B50C-788AF24E0C72}.Debug|x64.ActiveCfg = Debug|x64
		{057A3106-0722-4716-B50C-788AF24E0C72}.Debug|x64.Build.0 = Debug|x64
		{057A3106-0722-4716-B50C-788AF24E0C72}.Debug|x86.ActiveCfg = Debug|Win32
		{057A3106-0722-4716-B50C-788AF24E0C72}.Debug|x86.Build.0 = Debug|Win32
		{057A3106-0722-4716-B50C-788AF24E0C72}.Release|x64.ActiveCfg = Release|x64
		{057A3106-0722-4716-B50C-788AF24E0C72}.Release|x64.Build.0 = Release|x64
		{057A3106-0722-4716-B50C-788AF24E0C72}.Release|x86.ActiveCfg = Release|Win32
		{057A3106-0722-4716-B50C-788AF24E0C72}.Release|x86.Build.0 = Release|Win32
		{B6F8D82C-66D4-4415-A4B9-8F37B78A2255}.Debug|x64.ActiveCfg = Debug|x64
		{B6F8D82C-66D4-4415-A4B9-8F37B78A2255}.Debug|x64.Build.0 = Debug|x64
		{B6F8D82C-66D4-4415-A4B9-8F37B78A2255}.Debug|x86.ActiveCfg = Debug|Win32
		{B6F8D82C-66D4-4415-A4B9-8F37B78A2255}.Debug|x86.Build.0 = Debug|Win32
		{B6F8D82C-66D4-4415-A4B9-8F37B78A2255}.Release|x64.ActiveCfg = Release|x64
		{B6F8D82C-66D4-4415-A4B9-8F37B78A2255}.Release|x64.Build.0 = Release|x64
		{B6F8D82C-66D4-4415-A4B9-8F37B78A2255}.Release|x86.ActiveCfg = Release|Win32
		{B6F8D82C-66D4-4415-A4B9-8F37B78A2255}.Release|x86.Build.0 = Release|Win32
		{17200DCB-8B50-4AB0-B411-2133DC08E92A}.Debug|x64.ActiveCfg = Debug|x64
		{17200DCB-8B50-4AB0-B411-2133DC08E92A}.Debug|x64.Build.0 = Debug|x64
		{17200DCB-8B50-4AB0-B411-2133DC08E92A}.Debug|x86.ActiveCfg = Debug|Win32
		{17200DCB-8B50-4AB0-B411-2133DC08E92A}.Debug|x86.Build.0 = Debug|Win32
		{17200DCB-8B50-4AB0-B411-2133DC08E92A}.Release|x64.ActiveCfg = Release|x64
		{17200DCB-8B50-4AB0-B411-2133DC08E92A}.Release|x64.Build.0 = Release|x64
		{17200DCB-8B50-4AB0-B411-2133DC08E92A}.Release|x86.ActiveCfg = Release|Win32
		{17200DCB-8B50-4AB0-B411-2133DC08E92A}.Release|x86.Build.0 = Release|Win32
		{8DA88371-EF77-4B88-BC47-7A7F8EC9C167}.Debug|x64.ActiveCfg = Debug|x64
		{8DA88371-EF77-4B88-BC47-7A7F8EC9C167}.Debug|x64.Build.0 = Debug|x64
		{8DA88371-EF77-4B88-BC47-7A7F8EC9C167}.Debug|x86.ActiveCfg = Debug|Win32
		{8DA88371-EF77-4B88-BC47-7A7F8EC9C167}.Debug|x86.Build.0 = Debug|Win32
		{8DA88371-EF77-4B88-BC47-7A7F8EC9C167}.Release|x64.ActiveCfg = Release|x64
		{8DA88371-EF77-4B88-BC47-7A7F8EC9C167}.Release|x64.Build.0 = Release|x64
		{8DA88371-EF77-4B88-BC47-7A7F8EC9C167}.Release|x86.ActiveCfg = Release|Win32
		{8DA88371-EF77-4B88-BC47-7A7F8EC9C167}.Release|x86.Build.0 = Release|Win32
		{F3BFAA97-713B-4262-A67A-97EC5F57B53D}.Debug|x64.ActiveCfg = Debug|x64
		{F3BFAA97-713B-4262-A67A-97EC5F57B53D}.Debug|x64.Build.0 = Debug|x64
		{F3BFAA97-713B-4262-A67A-97EC5F57B53D}.Debug|x86.ActiveCfg = Debug|Win32
		{F3BFAA97-713B-4262-A67A-97EC5F57B53D}.Debug|x86.Build.0 = Debug|Win32
		{F3BFAA97-713B-4262-A67A-97EC5F57B53D}.Release|x64.ActiveCfg = Release|x64
		{F3BFAA97-713B-4262-A67A-97EC5F57B53D}.Release|x64.Build.0 = Release|x64
		{F3BFAA97-713B-4262-A67A-97EC5F57B53D}.Release|x86.ActiveCfg = Release|Win32
		{F3BFAA97-713B-4262-A67A-97EC5F57B53D}.Release|x86.Build.0 = Release|Win32
	EndGlobalSection
	GlobalSection(SolutionProperties) = preSolution
		HideSolutionNode = FALSE
	EndGlobalSection
	GlobalSection(ExtensibilityGlobals) = postSolution
		SolutionGuid = {9C01F811-CA5D-436C-B40C-F2D48E09D1B2}
	EndGlobalSection
EndGlobal
